// !$*UTF8*$!
{
	archiveVersion = 1;
	classes = {
	};
	objectVersion = 45;
	objects = {

/* Begin PBXBuildFile section */
		1D3623260D0F684500981E51 /* objective_resourceAppDelegate.m in Sources */ = {isa = PBXBuildFile; fileRef = 1D3623250D0F684500981E51 /* objective_resourceAppDelegate.m */; };
		1D60589B0D05DD56006BFB54 /* main.m in Sources */ = {isa = PBXBuildFile; fileRef = 29B97316FDCFA39411CA2CEA /* main.m */; };
		1D60589F0D05DD5A006BFB54 /* Foundation.framework in Frameworks */ = {isa = PBXBuildFile; fileRef = 1D30AB110D05D00D00671497 /* Foundation.framework */; };
		1DF5F4E00D08C38300B7A737 /* UIKit.framework in Frameworks */ = {isa = PBXBuildFile; fileRef = 1DF5F4DF0D08C38300B7A737 /* UIKit.framework */; };
		2314FF5D0F2F804C003B13AB /* AddPersonViewController.m in Sources */ = {isa = PBXBuildFile; fileRef = 2314FF5C0F2F804C003B13AB /* AddPersonViewController.m */; };
		2314FF5E0F2F804C003B13AB /* AddPersonViewController.m in Sources */ = {isa = PBXBuildFile; fileRef = 2314FF5C0F2F804C003B13AB /* AddPersonViewController.m */; };
		2314FF610F2F8060003B13AB /* AddPersonView.xib in Resources */ = {isa = PBXBuildFile; fileRef = 2314FF5F0F2F8060003B13AB /* AddPersonView.xib */; };
		2314FF620F2F8060003B13AB /* DogViewController.xib in Resources */ = {isa = PBXBuildFile; fileRef = 2314FF600F2F8060003B13AB /* DogViewController.xib */; };
		2314FF630F2F8060003B13AB /* AddPersonView.xib in Resources */ = {isa = PBXBuildFile; fileRef = 2314FF5F0F2F8060003B13AB /* AddPersonView.xib */; };
		2314FF640F2F8060003B13AB /* DogViewController.xib in Resources */ = {isa = PBXBuildFile; fileRef = 2314FF600F2F8060003B13AB /* DogViewController.xib */; };
		2314FF680F2F806D003B13AB /* EditPersonController.xib in Resources */ = {isa = PBXBuildFile; fileRef = 2314FF650F2F806D003B13AB /* EditPersonController.xib */; };
		2314FF690F2F806D003B13AB /* EditPersonController.m in Sources */ = {isa = PBXBuildFile; fileRef = 2314FF670F2F806D003B13AB /* EditPersonController.m */; };
		2314FF6A0F2F806D003B13AB /* EditPersonController.xib in Resources */ = {isa = PBXBuildFile; fileRef = 2314FF650F2F806D003B13AB /* EditPersonController.xib */; };
		2314FF6B0F2F806D003B13AB /* EditPersonController.m in Sources */ = {isa = PBXBuildFile; fileRef = 2314FF670F2F806D003B13AB /* EditPersonController.m */; };
		2314FF700F2F8089003B13AB /* PeopleViewController.m in Sources */ = {isa = PBXBuildFile; fileRef = 2314FF6D0F2F8089003B13AB /* PeopleViewController.m */; };
		2314FF710F2F8089003B13AB /* Person.m in Sources */ = {isa = PBXBuildFile; fileRef = 2314FF6F0F2F8089003B13AB /* Person.m */; };
		2314FF720F2F8089003B13AB /* PeopleViewController.m in Sources */ = {isa = PBXBuildFile; fileRef = 2314FF6D0F2F8089003B13AB /* PeopleViewController.m */; };
		2314FF730F2F8089003B13AB /* Person.m in Sources */ = {isa = PBXBuildFile; fileRef = 2314FF6F0F2F8089003B13AB /* Person.m */; };
		2314FF760F2F8094003B13AB /* ViewPersonController.m in Sources */ = {isa = PBXBuildFile; fileRef = 2314FF750F2F8094003B13AB /* ViewPersonController.m */; };
		2314FF770F2F8094003B13AB /* ViewPersonController.m in Sources */ = {isa = PBXBuildFile; fileRef = 2314FF750F2F8094003B13AB /* ViewPersonController.m */; };
		2322CD650F2F968000EDF562 /* PersonTest.m in Sources */ = {isa = PBXBuildFile; fileRef = 2322CD640F2F968000EDF562 /* PersonTest.m */; };
		2377C4F50F019E67006E155F /* NSHTTPURLResponse+Error.m in Sources */ = {isa = PBXBuildFile; fileRef = 2377C4F40F019E67006E155F /* NSHTTPURLResponse+Error.m */; };
		2377C4F60F019E67006E155F /* NSHTTPURLResponse+Error.m in Sources */ = {isa = PBXBuildFile; fileRef = 2377C4F40F019E67006E155F /* NSHTTPURLResponse+Error.m */; };
		23829E0C0EA393700070F0BF /* EditDogViewController.m in Sources */ = {isa = PBXBuildFile; fileRef = 23829E0B0EA393700070F0BF /* EditDogViewController.m */; };
		23829E0E0EA393DA0070F0BF /* EditDogViewController.xib in Resources */ = {isa = PBXBuildFile; fileRef = 23829E0D0EA393DA0070F0BF /* EditDogViewController.xib */; };
		23829F010EA39B3B0070F0BF /* ViewDogController.m in Sources */ = {isa = PBXBuildFile; fileRef = 23829F000EA39B3B0070F0BF /* ViewDogController.m */; };
		23829F120EA39C430070F0BF /* ViewDogController.xib in Resources */ = {isa = PBXBuildFile; fileRef = 23829F110EA39C430070F0BF /* ViewDogController.xib */; };
		239D4FFC0EA690BC00318802 /* GTMSenTestCase.m in Sources */ = {isa = PBXBuildFile; fileRef = 239D4FFB0EA690BC00318802 /* GTMSenTestCase.m */; };
		239D50010EA690E600318802 /* GTMIPhoneUnitTestDelegate.m in Sources */ = {isa = PBXBuildFile; fileRef = 239D4FE80EA6906100318802 /* GTMIPhoneUnitTestDelegate.m */; };
		239D50020EA690E600318802 /* GTMIPhoneUnitTestMain.m in Sources */ = {isa = PBXBuildFile; fileRef = 239D4FE90EA6906100318802 /* GTMIPhoneUnitTestMain.m */; };
		239D501A0EA691AC00318802 /* DogViewController.m in Sources */ = {isa = PBXBuildFile; fileRef = 350420F30E5E15AA00493366 /* DogViewController.m */; };
		239D501B0EA691AC00318802 /* Dog.m in Sources */ = {isa = PBXBuildFile; fileRef = 350421280E5E1A0F00493366 /* Dog.m */; };
		239D501C0EA691AC00318802 /* AddDogViewController.m in Sources */ = {isa = PBXBuildFile; fileRef = 350421CE0E5E1EC500493366 /* AddDogViewController.m */; };
		239D501F0EA691AC00318802 /* ObjectiveResource.m in Sources */ = {isa = PBXBuildFile; fileRef = 357A91980E9A55EF0025D9AF /* ObjectiveResource.m */; };
		239D50200EA691AC00318802 /* Connection.m in Sources */ = {isa = PBXBuildFile; fileRef = 357A919B0E9A55EF0025D9AF /* Connection.m */; };
		239D502A0EA691AC00318802 /* Response.m in Sources */ = {isa = PBXBuildFile; fileRef = 357A91B00E9A55EF0025D9AF /* Response.m */; };
		239D502B0EA691AC00318802 /* EditDogViewController.m in Sources */ = {isa = PBXBuildFile; fileRef = 23829E0B0EA393700070F0BF /* EditDogViewController.m */; };
		239D502C0EA691AC00318802 /* ViewDogController.m in Sources */ = {isa = PBXBuildFile; fileRef = 23829F000EA39B3B0070F0BF /* ViewDogController.m */; };
		239D504D0EA691D800318802 /* CoreGraphics.framework in Frameworks */ = {isa = PBXBuildFile; fileRef = 350421860E5E1BF200493366 /* CoreGraphics.framework */; };
		239D50830EA691DB00318802 /* UIKit.framework in Frameworks */ = {isa = PBXBuildFile; fileRef = 1DF5F4DF0D08C38300B7A737 /* UIKit.framework */; };
		239D50CB0EA691DD00318802 /* Foundation.framework in Frameworks */ = {isa = PBXBuildFile; fileRef = 1D30AB110D05D00D00671497 /* Foundation.framework */; };
		239D50DA0EA6921800318802 /* DogTest.m in Sources */ = {isa = PBXBuildFile; fileRef = 239D50D90EA6921800318802 /* DogTest.m */; };
		23B4A6420F092B620021AB9D /* DogErrorTest.m in Sources */ = {isa = PBXBuildFile; fileRef = 23B4A6410F092B620021AB9D /* DogErrorTest.m */; };
		23C922F30F25066900EDE8AF /* NSMutableURLRequest+ResponseType.m in Sources */ = {isa = PBXBuildFile; fileRef = 23C922F20F25066900EDE8AF /* NSMutableURLRequest+ResponseType.m */; };
		23C922F40F25066900EDE8AF /* NSMutableURLRequest+ResponseType.m in Sources */ = {isa = PBXBuildFile; fileRef = 23C922F20F25066900EDE8AF /* NSMutableURLRequest+ResponseType.m */; };
		28AD733F0D9D9553002E5188 /* MainWindow.xib in Resources */ = {isa = PBXBuildFile; fileRef = 28AD733E0D9D9553002E5188 /* MainWindow.xib */; };
		350420F40E5E15AA00493366 /* DogViewController.m in Sources */ = {isa = PBXBuildFile; fileRef = 350420F30E5E15AA00493366 /* DogViewController.m */; };
		350421290E5E1A0F00493366 /* Dog.m in Sources */ = {isa = PBXBuildFile; fileRef = 350421280E5E1A0F00493366 /* Dog.m */; };
		350421870E5E1BF200493366 /* CoreGraphics.framework in Frameworks */ = {isa = PBXBuildFile; fileRef = 350421860E5E1BF200493366 /* CoreGraphics.framework */; };
		350421CB0E5E1E0900493366 /* AddDogView.xib in Resources */ = {isa = PBXBuildFile; fileRef = 350421CA0E5E1E0900493366 /* AddDogView.xib */; };
		350421CF0E5E1EC500493366 /* AddDogViewController.m in Sources */ = {isa = PBXBuildFile; fileRef = 350421CE0E5E1EC500493366 /* AddDogViewController.m */; };
		357A91B50E9A55EF0025D9AF /* ObjectiveResource.m in Sources */ = {isa = PBXBuildFile; fileRef = 357A91980E9A55EF0025D9AF /* ObjectiveResource.m */; };
		357A91B60E9A55EF0025D9AF /* Connection.m in Sources */ = {isa = PBXBuildFile; fileRef = 357A919B0E9A55EF0025D9AF /* Connection.m */; };
		357A91C00E9A55EF0025D9AF /* Response.m in Sources */ = {isa = PBXBuildFile; fileRef = 357A91B00E9A55EF0025D9AF /* Response.m */; };
		3584DFD60F31F684008E596B /* NSObject+ObjectiveResource.m in Sources */ = {isa = PBXBuildFile; fileRef = 3584DFD50F31F684008E596B /* NSObject+ObjectiveResource.m */; };
		3584E0A40F32334D008E596B /* NSObject+ObjectiveResource.m in Sources */ = {isa = PBXBuildFile; fileRef = 3584DFD50F31F684008E596B /* NSObject+ObjectiveResource.m */; };
		35C679300F2E70C2005FF6CE /* NSString+InflectionSupport.m in Sources */ = {isa = PBXBuildFile; fileRef = 35C678FC0F2E70C2005FF6CE /* NSString+InflectionSupport.m */; };
		35C679310F2E70C2005FF6CE /* NSData+Additions.m in Sources */ = {isa = PBXBuildFile; fileRef = 35C678FE0F2E70C2005FF6CE /* NSData+Additions.m */; };
		35C679320F2E70C2005FF6CE /* NSObject+PropertySupport.m in Sources */ = {isa = PBXBuildFile; fileRef = 35C679000F2E70C2005FF6CE /* NSObject+PropertySupport.m */; };
		35C679330F2E70C2005FF6CE /* NSString+GSub.m in Sources */ = {isa = PBXBuildFile; fileRef = 35C679020F2E70C2005FF6CE /* NSString+GSub.m */; };
		35C679340F2E70C2005FF6CE /* ObjectiveResourceDateFormatter.m in Sources */ = {isa = PBXBuildFile; fileRef = 35C679040F2E70C2005FF6CE /* ObjectiveResourceDateFormatter.m */; };
		35C679350F2E70C2005FF6CE /* NSObject+SBJSON.m in Sources */ = {isa = PBXBuildFile; fileRef = 35C679090F2E70C2005FF6CE /* NSObject+SBJSON.m */; };
		35C679360F2E70C2005FF6CE /* NSString+SBJSON.m in Sources */ = {isa = PBXBuildFile; fileRef = 35C6790B0F2E70C2005FF6CE /* NSString+SBJSON.m */; };
		35C679370F2E70C2005FF6CE /* SBJSON.m in Sources */ = {isa = PBXBuildFile; fileRef = 35C6790D0F2E70C2005FF6CE /* SBJSON.m */; };
		35C679380F2E70C2005FF6CE /* NSDictionary+JSONSerializableSupport.m in Sources */ = {isa = PBXBuildFile; fileRef = 35C679130F2E70C2005FF6CE /* NSDictionary+JSONSerializableSupport.m */; };
		35C679390F2E70C2005FF6CE /* NSObject+JSONSerializableSupport.m in Sources */ = {isa = PBXBuildFile; fileRef = 35C679150F2E70C2005FF6CE /* NSObject+JSONSerializableSupport.m */; };
		35C6793A0F2E70C2005FF6CE /* NSDate+Serialize.m in Sources */ = {isa = PBXBuildFile; fileRef = 35C679170F2E70C2005FF6CE /* NSDate+Serialize.m */; };
		35C6793B0F2E70C2005FF6CE /* NSDictionary+KeyTranslation.m in Sources */ = {isa = PBXBuildFile; fileRef = 35C679190F2E70C2005FF6CE /* NSDictionary+KeyTranslation.m */; };
		35C6793C0F2E70C2005FF6CE /* NSObject+Serialize.m in Sources */ = {isa = PBXBuildFile; fileRef = 35C6791B0F2E70C2005FF6CE /* NSObject+Serialize.m */; };
		35C6793D0F2E70C2005FF6CE /* NSString+Serialize.m in Sources */ = {isa = PBXBuildFile; fileRef = 35C6791D0F2E70C2005FF6CE /* NSString+Serialize.m */; };
		35C6793E0F2E70C2005FF6CE /* FromXMLElementDelegate.m in Sources */ = {isa = PBXBuildFile; fileRef = 35C679210F2E70C2005FF6CE /* FromXMLElementDelegate.m */; };
		35C6793F0F2E70C2005FF6CE /* NSArray+XMLSerializableSupport.m in Sources */ = {isa = PBXBuildFile; fileRef = 35C679230F2E70C2005FF6CE /* NSArray+XMLSerializableSupport.m */; };
		35C679400F2E70C2005FF6CE /* NSDate+XMLSerializableSupport.m in Sources */ = {isa = PBXBuildFile; fileRef = 35C679250F2E70C2005FF6CE /* NSDate+XMLSerializableSupport.m */; };
		35C679410F2E70C2005FF6CE /* NSDictionary+XMLSerializableSupport.m in Sources */ = {isa = PBXBuildFile; fileRef = 35C679270F2E70C2005FF6CE /* NSDictionary+XMLSerializableSupport.m */; };
		35C679420F2E70C2005FF6CE /* NSNull+XMLSerializableSupport.m in Sources */ = {isa = PBXBuildFile; fileRef = 35C679290F2E70C2005FF6CE /* NSNull+XMLSerializableSupport.m */; };
		35C679430F2E70C2005FF6CE /* NSObject+XMLSerializableSupport.m in Sources */ = {isa = PBXBuildFile; fileRef = 35C6792B0F2E70C2005FF6CE /* NSObject+XMLSerializableSupport.m */; };
		35C679440F2E70C2005FF6CE /* NSString+XMLSerializableSupport.m in Sources */ = {isa = PBXBuildFile; fileRef = 35C6792D0F2E70C2005FF6CE /* NSString+XMLSerializableSupport.m */; };
		35C679450F2E70C2005FF6CE /* NSString+InflectionSupport.m in Sources */ = {isa = PBXBuildFile; fileRef = 35C678FC0F2E70C2005FF6CE /* NSString+InflectionSupport.m */; };
		35C679460F2E70C2005FF6CE /* NSData+Additions.m in Sources */ = {isa = PBXBuildFile; fileRef = 35C678FE0F2E70C2005FF6CE /* NSData+Additions.m */; };
		35C679470F2E70C2005FF6CE /* NSObject+PropertySupport.m in Sources */ = {isa = PBXBuildFile; fileRef = 35C679000F2E70C2005FF6CE /* NSObject+PropertySupport.m */; };
		35C679480F2E70C2005FF6CE /* NSString+GSub.m in Sources */ = {isa = PBXBuildFile; fileRef = 35C679020F2E70C2005FF6CE /* NSString+GSub.m */; };
		35C679490F2E70C2005FF6CE /* ObjectiveResourceDateFormatter.m in Sources */ = {isa = PBXBuildFile; fileRef = 35C679040F2E70C2005FF6CE /* ObjectiveResourceDateFormatter.m */; };
		35C6794A0F2E70C2005FF6CE /* NSObject+SBJSON.m in Sources */ = {isa = PBXBuildFile; fileRef = 35C679090F2E70C2005FF6CE /* NSObject+SBJSON.m */; };
		35C6794B0F2E70C2005FF6CE /* NSString+SBJSON.m in Sources */ = {isa = PBXBuildFile; fileRef = 35C6790B0F2E70C2005FF6CE /* NSString+SBJSON.m */; };
		35C6794C0F2E70C2005FF6CE /* SBJSON.m in Sources */ = {isa = PBXBuildFile; fileRef = 35C6790D0F2E70C2005FF6CE /* SBJSON.m */; };
		35C6794D0F2E70C2005FF6CE /* NSDictionary+JSONSerializableSupport.m in Sources */ = {isa = PBXBuildFile; fileRef = 35C679130F2E70C2005FF6CE /* NSDictionary+JSONSerializableSupport.m */; };
		35C6794E0F2E70C2005FF6CE /* NSObject+JSONSerializableSupport.m in Sources */ = {isa = PBXBuildFile; fileRef = 35C679150F2E70C2005FF6CE /* NSObject+JSONSerializableSupport.m */; };
		35C6794F0F2E70C2005FF6CE /* NSDate+Serialize.m in Sources */ = {isa = PBXBuildFile; fileRef = 35C679170F2E70C2005FF6CE /* NSDate+Serialize.m */; };
		35C679500F2E70C2005FF6CE /* NSDictionary+KeyTranslation.m in Sources */ = {isa = PBXBuildFile; fileRef = 35C679190F2E70C2005FF6CE /* NSDictionary+KeyTranslation.m */; };
		35C679510F2E70C2005FF6CE /* NSObject+Serialize.m in Sources */ = {isa = PBXBuildFile; fileRef = 35C6791B0F2E70C2005FF6CE /* NSObject+Serialize.m */; };
		35C679520F2E70C2005FF6CE /* NSString+Serialize.m in Sources */ = {isa = PBXBuildFile; fileRef = 35C6791D0F2E70C2005FF6CE /* NSString+Serialize.m */; };
		35C679530F2E70C2005FF6CE /* FromXMLElementDelegate.m in Sources */ = {isa = PBXBuildFile; fileRef = 35C679210F2E70C2005FF6CE /* FromXMLElementDelegate.m */; };
		35C679540F2E70C2005FF6CE /* NSArray+XMLSerializableSupport.m in Sources */ = {isa = PBXBuildFile; fileRef = 35C679230F2E70C2005FF6CE /* NSArray+XMLSerializableSupport.m */; };
		35C679550F2E70C2005FF6CE /* NSDate+XMLSerializableSupport.m in Sources */ = {isa = PBXBuildFile; fileRef = 35C679250F2E70C2005FF6CE /* NSDate+XMLSerializableSupport.m */; };
		35C679560F2E70C2005FF6CE /* NSDictionary+XMLSerializableSupport.m in Sources */ = {isa = PBXBuildFile; fileRef = 35C679270F2E70C2005FF6CE /* NSDictionary+XMLSerializableSupport.m */; };
		35C679570F2E70C2005FF6CE /* NSNull+XMLSerializableSupport.m in Sources */ = {isa = PBXBuildFile; fileRef = 35C679290F2E70C2005FF6CE /* NSNull+XMLSerializableSupport.m */; };
		35C679580F2E70C2005FF6CE /* NSObject+XMLSerializableSupport.m in Sources */ = {isa = PBXBuildFile; fileRef = 35C6792B0F2E70C2005FF6CE /* NSObject+XMLSerializableSupport.m */; };
		35C679590F2E70C2005FF6CE /* NSString+XMLSerializableSupport.m in Sources */ = {isa = PBXBuildFile; fileRef = 35C6792D0F2E70C2005FF6CE /* NSString+XMLSerializableSupport.m */; };
		35CA32650F1E67A1001513AA /* ConnectionDelegate.m in Sources */ = {isa = PBXBuildFile; fileRef = 35CA32640F1E67A1001513AA /* ConnectionDelegate.m */; };
		35CA32660F1E67A1001513AA /* ConnectionDelegate.m in Sources */ = {isa = PBXBuildFile; fileRef = 35CA32640F1E67A1001513AA /* ConnectionDelegate.m */; };
/* End PBXBuildFile section */

/* Begin PBXFileReference section */
		1D30AB110D05D00D00671497 /* Foundation.framework */ = {isa = PBXFileReference; lastKnownFileType = wrapper.framework; name = Foundation.framework; path = System/Library/Frameworks/Foundation.framework; sourceTree = SDKROOT; };
		1D3623240D0F684500981E51 /* objective_resourceAppDelegate.h */ = {isa = PBXFileReference; fileEncoding = 4; lastKnownFileType = sourcecode.c.h; path = objective_resourceAppDelegate.h; sourceTree = "<group>"; };
		1D3623250D0F684500981E51 /* objective_resourceAppDelegate.m */ = {isa = PBXFileReference; fileEncoding = 4; lastKnownFileType = sourcecode.c.objc; path = objective_resourceAppDelegate.m; sourceTree = "<group>"; };
		1D6058910D05DD3D006BFB54 /* objective_resource.app */ = {isa = PBXFileReference; explicitFileType = wrapper.application; includeInIndex = 0; path = objective_resource.app; sourceTree = BUILT_PRODUCTS_DIR; };
		1DF5F4DF0D08C38300B7A737 /* UIKit.framework */ = {isa = PBXFileReference; lastKnownFileType = wrapper.framework; name = UIKit.framework; path = System/Library/Frameworks/UIKit.framework; sourceTree = SDKROOT; };
		2314FF5B0F2F804C003B13AB /* AddPersonViewController.h */ = {isa = PBXFileReference; fileEncoding = 4; lastKnownFileType = sourcecode.c.h; path = AddPersonViewController.h; sourceTree = "<group>"; };
		2314FF5C0F2F804C003B13AB /* AddPersonViewController.m */ = {isa = PBXFileReference; fileEncoding = 4; lastKnownFileType = sourcecode.c.objc; path = AddPersonViewController.m; sourceTree = "<group>"; };
		2314FF5F0F2F8060003B13AB /* AddPersonView.xib */ = {isa = PBXFileReference; lastKnownFileType = file.xib; name = AddPersonView.xib; path = Classes/AddPersonView.xib; sourceTree = "<group>"; };
		2314FF600F2F8060003B13AB /* DogViewController.xib */ = {isa = PBXFileReference; lastKnownFileType = file.xib; name = DogViewController.xib; path = Classes/DogViewController.xib; sourceTree = "<group>"; };
		2314FF650F2F806D003B13AB /* EditPersonController.xib */ = {isa = PBXFileReference; lastKnownFileType = file.xib; name = EditPersonController.xib; path = Classes/EditPersonController.xib; sourceTree = "<group>"; };
		2314FF660F2F806D003B13AB /* EditPersonController.h */ = {isa = PBXFileReference; fileEncoding = 4; lastKnownFileType = sourcecode.c.h; path = EditPersonController.h; sourceTree = "<group>"; };
		2314FF670F2F806D003B13AB /* EditPersonController.m */ = {isa = PBXFileReference; fileEncoding = 4; lastKnownFileType = sourcecode.c.objc; path = EditPersonController.m; sourceTree = "<group>"; };
		2314FF6C0F2F8089003B13AB /* PeopleViewController.h */ = {isa = PBXFileReference; fileEncoding = 4; lastKnownFileType = sourcecode.c.h; path = PeopleViewController.h; sourceTree = "<group>"; };
		2314FF6D0F2F8089003B13AB /* PeopleViewController.m */ = {isa = PBXFileReference; fileEncoding = 4; lastKnownFileType = sourcecode.c.objc; path = PeopleViewController.m; sourceTree = "<group>"; };
		2314FF6E0F2F8089003B13AB /* Person.h */ = {isa = PBXFileReference; fileEncoding = 4; lastKnownFileType = sourcecode.c.h; path = Person.h; sourceTree = "<group>"; };
		2314FF6F0F2F8089003B13AB /* Person.m */ = {isa = PBXFileReference; fileEncoding = 4; lastKnownFileType = sourcecode.c.objc; path = Person.m; sourceTree = "<group>"; };
		2314FF740F2F8094003B13AB /* ViewPersonController.h */ = {isa = PBXFileReference; fileEncoding = 4; lastKnownFileType = sourcecode.c.h; path = ViewPersonController.h; sourceTree = "<group>"; };
		2314FF750F2F8094003B13AB /* ViewPersonController.m */ = {isa = PBXFileReference; fileEncoding = 4; lastKnownFileType = sourcecode.c.objc; path = ViewPersonController.m; sourceTree = "<group>"; };
		2322CD630F2F968000EDF562 /* PersonTest.h */ = {isa = PBXFileReference; fileEncoding = 4; lastKnownFileType = sourcecode.c.h; path = PersonTest.h; sourceTree = "<group>"; };
		2322CD640F2F968000EDF562 /* PersonTest.m */ = {isa = PBXFileReference; fileEncoding = 4; lastKnownFileType = sourcecode.c.objc; path = PersonTest.m; sourceTree = "<group>"; };
		2322CD890F2F9F3D00EDF562 /* ItemIds.h */ = {isa = PBXFileReference; fileEncoding = 4; lastKnownFileType = sourcecode.c.h; path = ItemIds.h; sourceTree = "<group>"; };
		2377C4F30F019E67006E155F /* NSHTTPURLResponse+Error.h */ = {isa = PBXFileReference; fileEncoding = 4; lastKnownFileType = sourcecode.c.h; name = "NSHTTPURLResponse+Error.h"; path = "lib/NSHTTPURLResponse+Error.h"; sourceTree = "<group>"; };
		2377C4F40F019E67006E155F /* NSHTTPURLResponse+Error.m */ = {isa = PBXFileReference; fileEncoding = 4; lastKnownFileType = sourcecode.c.objc; name = "NSHTTPURLResponse+Error.m"; path = "lib/NSHTTPURLResponse+Error.m"; sourceTree = "<group>"; };
		23829E0A0EA393700070F0BF /* EditDogViewController.h */ = {isa = PBXFileReference; fileEncoding = 4; lastKnownFileType = sourcecode.c.h; path = EditDogViewController.h; sourceTree = "<group>"; };
		23829E0B0EA393700070F0BF /* EditDogViewController.m */ = {isa = PBXFileReference; fileEncoding = 4; lastKnownFileType = sourcecode.c.objc; path = EditDogViewController.m; sourceTree = "<group>"; };
		23829E0D0EA393DA0070F0BF /* EditDogViewController.xib */ = {isa = PBXFileReference; lastKnownFileType = file.xib; path = EditDogViewController.xib; sourceTree = "<group>"; };
		23829EFF0EA39B3B0070F0BF /* ViewDogController.h */ = {isa = PBXFileReference; fileEncoding = 4; lastKnownFileType = sourcecode.c.h; path = ViewDogController.h; sourceTree = "<group>"; };
		23829F000EA39B3B0070F0BF /* ViewDogController.m */ = {isa = PBXFileReference; fileEncoding = 4; lastKnownFileType = sourcecode.c.objc; path = ViewDogController.m; sourceTree = "<group>"; };
		23829F110EA39C430070F0BF /* ViewDogController.xib */ = {isa = PBXFileReference; lastKnownFileType = file.xib; path = ViewDogController.xib; sourceTree = "<group>"; };
		239D4FE70EA6906100318802 /* GTMIPhoneUnitTestDelegate.h */ = {isa = PBXFileReference; fileEncoding = 4; lastKnownFileType = sourcecode.c.h; name = GTMIPhoneUnitTestDelegate.h; path = google_toolbar/UnitTesting/GTMIPhoneUnitTestDelegate.h; sourceTree = SOURCE_ROOT; };
		239D4FE80EA6906100318802 /* GTMIPhoneUnitTestDelegate.m */ = {isa = PBXFileReference; fileEncoding = 4; lastKnownFileType = sourcecode.c.objc; name = GTMIPhoneUnitTestDelegate.m; path = google_toolbar/UnitTesting/GTMIPhoneUnitTestDelegate.m; sourceTree = SOURCE_ROOT; };
		239D4FE90EA6906100318802 /* GTMIPhoneUnitTestMain.m */ = {isa = PBXFileReference; fileEncoding = 4; lastKnownFileType = sourcecode.c.objc; name = GTMIPhoneUnitTestMain.m; path = google_toolbar/UnitTesting/GTMIPhoneUnitTestMain.m; sourceTree = SOURCE_ROOT; };
		239D4FF40EA6907E00318802 /* Unit Tests.app */ = {isa = PBXFileReference; explicitFileType = wrapper.application; includeInIndex = 0; path = "Unit Tests.app"; sourceTree = BUILT_PRODUCTS_DIR; };
		239D4FF60EA6907E00318802 /* Unit Tests-Info.plist */ = {isa = PBXFileReference; lastKnownFileType = text.plist.xml; path = "Unit Tests-Info.plist"; sourceTree = "<group>"; };
		239D4FFA0EA690BC00318802 /* GTMSenTestCase.h */ = {isa = PBXFileReference; fileEncoding = 4; lastKnownFileType = sourcecode.c.h; name = GTMSenTestCase.h; path = google_toolbar/UnitTesting/GTMSenTestCase.h; sourceTree = SOURCE_ROOT; };
		239D4FFB0EA690BC00318802 /* GTMSenTestCase.m */ = {isa = PBXFileReference; fileEncoding = 4; lastKnownFileType = sourcecode.c.objc; name = GTMSenTestCase.m; path = google_toolbar/UnitTesting/GTMSenTestCase.m; sourceTree = SOURCE_ROOT; };
		239D4FFD0EA690D700318802 /* GTMDefines.h */ = {isa = PBXFileReference; fileEncoding = 4; lastKnownFileType = sourcecode.c.h; name = GTMDefines.h; path = google_toolbar/GTMDefines.h; sourceTree = SOURCE_ROOT; };
		239D50D80EA6921800318802 /* DogTest.h */ = {isa = PBXFileReference; fileEncoding = 4; lastKnownFileType = sourcecode.c.h; path = DogTest.h; sourceTree = "<group>"; };
		239D50D90EA6921800318802 /* DogTest.m */ = {isa = PBXFileReference; fileEncoding = 4; lastKnownFileType = sourcecode.c.objc; path = DogTest.m; sourceTree = "<group>"; };
		23B4A6400F092B620021AB9D /* DogErrorTest.h */ = {isa = PBXFileReference; fileEncoding = 4; lastKnownFileType = sourcecode.c.h; path = DogErrorTest.h; sourceTree = "<group>"; };
		23B4A6410F092B620021AB9D /* DogErrorTest.m */ = {isa = PBXFileReference; fileEncoding = 4; lastKnownFileType = sourcecode.c.objc; path = DogErrorTest.m; sourceTree = "<group>"; };
		23C922F10F25066900EDE8AF /* NSMutableURLRequest+ResponseType.h */ = {isa = PBXFileReference; fileEncoding = 4; lastKnownFileType = sourcecode.c.h; name = "NSMutableURLRequest+ResponseType.h"; path = "lib/NSMutableURLRequest+ResponseType.h"; sourceTree = "<group>"; };
		23C922F20F25066900EDE8AF /* NSMutableURLRequest+ResponseType.m */ = {isa = PBXFileReference; fileEncoding = 4; lastKnownFileType = sourcecode.c.objc; name = "NSMutableURLRequest+ResponseType.m"; path = "lib/NSMutableURLRequest+ResponseType.m"; sourceTree = "<group>"; };
		28AD733E0D9D9553002E5188 /* MainWindow.xib */ = {isa = PBXFileReference; lastKnownFileType = file.xib; path = MainWindow.xib; sourceTree = "<group>"; };
		29B97316FDCFA39411CA2CEA /* main.m */ = {isa = PBXFileReference; fileEncoding = 4; lastKnownFileType = sourcecode.c.objc; path = main.m; sourceTree = "<group>"; };
		32CA4F630368D1EE00C91783 /* objective_resource_Prefix.pch */ = {isa = PBXFileReference; fileEncoding = 4; lastKnownFileType = sourcecode.c.h; path = objective_resource_Prefix.pch; sourceTree = "<group>"; };
		350420F20E5E15AA00493366 /* DogViewController.h */ = {isa = PBXFileReference; fileEncoding = 4; lastKnownFileType = sourcecode.c.h; path = DogViewController.h; sourceTree = "<group>"; };
		350420F30E5E15AA00493366 /* DogViewController.m */ = {isa = PBXFileReference; fileEncoding = 4; lastKnownFileType = sourcecode.c.objc; path = DogViewController.m; sourceTree = "<group>"; };
		350421270E5E1A0F00493366 /* Dog.h */ = {isa = PBXFileReference; fileEncoding = 4; lastKnownFileType = sourcecode.c.h; path = Dog.h; sourceTree = "<group>"; };
		350421280E5E1A0F00493366 /* Dog.m */ = {isa = PBXFileReference; fileEncoding = 4; lastKnownFileType = sourcecode.c.objc; path = Dog.m; sourceTree = "<group>"; };
		350421860E5E1BF200493366 /* CoreGraphics.framework */ = {isa = PBXFileReference; lastKnownFileType = wrapper.framework; name = CoreGraphics.framework; path = System/Library/Frameworks/CoreGraphics.framework; sourceTree = SDKROOT; };
		350421CA0E5E1E0900493366 /* AddDogView.xib */ = {isa = PBXFileReference; lastKnownFileType = file.xib; path = AddDogView.xib; sourceTree = "<group>"; };
		350421CD0E5E1EC500493366 /* AddDogViewController.h */ = {isa = PBXFileReference; fileEncoding = 4; lastKnownFileType = sourcecode.c.h; path = AddDogViewController.h; sourceTree = "<group>"; };
		350421CE0E5E1EC500493366 /* AddDogViewController.m */ = {isa = PBXFileReference; fileEncoding = 4; lastKnownFileType = sourcecode.c.objc; path = AddDogViewController.m; sourceTree = "<group>"; };
		357A91970E9A55EF0025D9AF /* ObjectiveResource.h */ = {isa = PBXFileReference; fileEncoding = 4; lastKnownFileType = sourcecode.c.h; name = ObjectiveResource.h; path = lib/ObjectiveResource.h; sourceTree = "<group>"; };
		357A91980E9A55EF0025D9AF /* ObjectiveResource.m */ = {isa = PBXFileReference; fileEncoding = 4; lastKnownFileType = sourcecode.c.objc; name = ObjectiveResource.m; path = lib/ObjectiveResource.m; sourceTree = "<group>"; };
		357A919A0E9A55EF0025D9AF /* Connection.h */ = {isa = PBXFileReference; fileEncoding = 4; lastKnownFileType = sourcecode.c.h; name = Connection.h; path = lib/Connection.h; sourceTree = "<group>"; };
		357A919B0E9A55EF0025D9AF /* Connection.m */ = {isa = PBXFileReference; fileEncoding = 4; lastKnownFileType = sourcecode.c.objc; name = Connection.m; path = lib/Connection.m; sourceTree = "<group>"; };
		357A91AF0E9A55EF0025D9AF /* Response.h */ = {isa = PBXFileReference; fileEncoding = 4; lastKnownFileType = sourcecode.c.h; name = Response.h; path = lib/Response.h; sourceTree = "<group>"; };
		357A91B00E9A55EF0025D9AF /* Response.m */ = {isa = PBXFileReference; fileEncoding = 4; lastKnownFileType = sourcecode.c.objc; name = Response.m; path = lib/Response.m; sourceTree = "<group>"; };
		3584DFD40F31F684008E596B /* NSObject+ObjectiveResource.h */ = {isa = PBXFileReference; fileEncoding = 4; lastKnownFileType = sourcecode.c.h; name = "NSObject+ObjectiveResource.h"; path = "lib/NSObject+ObjectiveResource.h"; sourceTree = "<group>"; };
		3584DFD50F31F684008E596B /* NSObject+ObjectiveResource.m */ = {isa = PBXFileReference; fileEncoding = 4; lastKnownFileType = sourcecode.c.objc; name = "NSObject+ObjectiveResource.m"; path = "lib/NSObject+ObjectiveResource.m"; sourceTree = "<group>"; };
		35C678F90F2E70C2005FF6CE /* CoreSupport.h */ = {isa = PBXFileReference; fileEncoding = 4; lastKnownFileType = sourcecode.c.h; path = CoreSupport.h; sourceTree = "<group>"; };
		35C678FB0F2E70C2005FF6CE /* NSString+InflectionSupport.h */ = {isa = PBXFileReference; fileEncoding = 4; lastKnownFileType = sourcecode.c.h; path = "NSString+InflectionSupport.h"; sourceTree = "<group>"; };
		35C678FC0F2E70C2005FF6CE /* NSString+InflectionSupport.m */ = {isa = PBXFileReference; fileEncoding = 4; lastKnownFileType = sourcecode.c.objc; path = "NSString+InflectionSupport.m"; sourceTree = "<group>"; };
		35C678FD0F2E70C2005FF6CE /* NSData+Additions.h */ = {isa = PBXFileReference; fileEncoding = 4; lastKnownFileType = sourcecode.c.h; path = "NSData+Additions.h"; sourceTree = "<group>"; };
		35C678FE0F2E70C2005FF6CE /* NSData+Additions.m */ = {isa = PBXFileReference; fileEncoding = 4; lastKnownFileType = sourcecode.c.objc; path = "NSData+Additions.m"; sourceTree = "<group>"; };
		35C678FF0F2E70C2005FF6CE /* NSObject+PropertySupport.h */ = {isa = PBXFileReference; fileEncoding = 4; lastKnownFileType = sourcecode.c.h; path = "NSObject+PropertySupport.h"; sourceTree = "<group>"; };
		35C679000F2E70C2005FF6CE /* NSObject+PropertySupport.m */ = {isa = PBXFileReference; fileEncoding = 4; lastKnownFileType = sourcecode.c.objc; path = "NSObject+PropertySupport.m"; sourceTree = "<group>"; };
		35C679010F2E70C2005FF6CE /* NSString+GSub.h */ = {isa = PBXFileReference; fileEncoding = 4; lastKnownFileType = sourcecode.c.h; path = "NSString+GSub.h"; sourceTree = "<group>"; };
		35C679020F2E70C2005FF6CE /* NSString+GSub.m */ = {isa = PBXFileReference; fileEncoding = 4; lastKnownFileType = sourcecode.c.objc; path = "NSString+GSub.m"; sourceTree = "<group>"; };
		35C679030F2E70C2005FF6CE /* ObjectiveResourceDateFormatter.h */ = {isa = PBXFileReference; fileEncoding = 4; lastKnownFileType = sourcecode.c.h; path = ObjectiveResourceDateFormatter.h; sourceTree = "<group>"; };
		35C679040F2E70C2005FF6CE /* ObjectiveResourceDateFormatter.m */ = {isa = PBXFileReference; fileEncoding = 4; lastKnownFileType = sourcecode.c.objc; path = ObjectiveResourceDateFormatter.m; sourceTree = "<group>"; };
		35C679050F2E70C2005FF6CE /* ObjectiveSupport.h */ = {isa = PBXFileReference; fileEncoding = 4; lastKnownFileType = sourcecode.c.h; path = ObjectiveSupport.h; sourceTree = "<group>"; };
		35C679070F2E70C2005FF6CE /* JSONFramework.h */ = {isa = PBXFileReference; fileEncoding = 4; lastKnownFileType = sourcecode.c.h; path = JSONFramework.h; sourceTree = "<group>"; };
		35C679080F2E70C2005FF6CE /* NSObject+SBJSON.h */ = {isa = PBXFileReference; fileEncoding = 4; lastKnownFileType = sourcecode.c.h; path = "NSObject+SBJSON.h"; sourceTree = "<group>"; };
		35C679090F2E70C2005FF6CE /* NSObject+SBJSON.m */ = {isa = PBXFileReference; fileEncoding = 4; lastKnownFileType = sourcecode.c.objc; path = "NSObject+SBJSON.m"; sourceTree = "<group>"; };
		35C6790A0F2E70C2005FF6CE /* NSString+SBJSON.h */ = {isa = PBXFileReference; fileEncoding = 4; lastKnownFileType = sourcecode.c.h; path = "NSString+SBJSON.h"; sourceTree = "<group>"; };
		35C6790B0F2E70C2005FF6CE /* NSString+SBJSON.m */ = {isa = PBXFileReference; fileEncoding = 4; lastKnownFileType = sourcecode.c.objc; path = "NSString+SBJSON.m"; sourceTree = "<group>"; };
		35C6790C0F2E70C2005FF6CE /* SBJSON.h */ = {isa = PBXFileReference; fileEncoding = 4; lastKnownFileType = sourcecode.c.h; path = SBJSON.h; sourceTree = "<group>"; };
		35C6790D0F2E70C2005FF6CE /* SBJSON.m */ = {isa = PBXFileReference; fileEncoding = 4; lastKnownFileType = sourcecode.c.objc; path = SBJSON.m; sourceTree = "<group>"; };
		35C679100F2E70C2005FF6CE /* JSONSerializable.h */ = {isa = PBXFileReference; fileEncoding = 4; lastKnownFileType = sourcecode.c.h; path = JSONSerializable.h; sourceTree = "<group>"; };
		35C679110F2E70C2005FF6CE /* JSONSerializableSupport.h */ = {isa = PBXFileReference; fileEncoding = 4; lastKnownFileType = sourcecode.c.h; path = JSONSerializableSupport.h; sourceTree = "<group>"; };
		35C679120F2E70C2005FF6CE /* NSDictionary+JSONSerializableSupport.h */ = {isa = PBXFileReference; fileEncoding = 4; lastKnownFileType = sourcecode.c.h; path = "NSDictionary+JSONSerializableSupport.h"; sourceTree = "<group>"; };
		35C679130F2E70C2005FF6CE /* NSDictionary+JSONSerializableSupport.m */ = {isa = PBXFileReference; fileEncoding = 4; lastKnownFileType = sourcecode.c.objc; path = "NSDictionary+JSONSerializableSupport.m"; sourceTree = "<group>"; };
		35C679140F2E70C2005FF6CE /* NSObject+JSONSerializableSupport.h */ = {isa = PBXFileReference; fileEncoding = 4; lastKnownFileType = sourcecode.c.h; path = "NSObject+JSONSerializableSupport.h"; sourceTree = "<group>"; };
		35C679150F2E70C2005FF6CE /* NSObject+JSONSerializableSupport.m */ = {isa = PBXFileReference; fileEncoding = 4; lastKnownFileType = sourcecode.c.objc; path = "NSObject+JSONSerializableSupport.m"; sourceTree = "<group>"; };
		35C679160F2E70C2005FF6CE /* NSDate+Serialize.h */ = {isa = PBXFileReference; fileEncoding = 4; lastKnownFileType = sourcecode.c.h; path = "NSDate+Serialize.h"; sourceTree = "<group>"; };
		35C679170F2E70C2005FF6CE /* NSDate+Serialize.m */ = {isa = PBXFileReference; fileEncoding = 4; lastKnownFileType = sourcecode.c.objc; path = "NSDate+Serialize.m"; sourceTree = "<group>"; };
		35C679180F2E70C2005FF6CE /* NSDictionary+KeyTranslation.h */ = {isa = PBXFileReference; fileEncoding = 4; lastKnownFileType = sourcecode.c.h; path = "NSDictionary+KeyTranslation.h"; sourceTree = "<group>"; };
		35C679190F2E70C2005FF6CE /* NSDictionary+KeyTranslation.m */ = {isa = PBXFileReference; fileEncoding = 4; lastKnownFileType = sourcecode.c.objc; path = "NSDictionary+KeyTranslation.m"; sourceTree = "<group>"; };
		35C6791A0F2E70C2005FF6CE /* NSObject+Serialize.h */ = {isa = PBXFileReference; fileEncoding = 4; lastKnownFileType = sourcecode.c.h; path = "NSObject+Serialize.h"; sourceTree = "<group>"; };
		35C6791B0F2E70C2005FF6CE /* NSObject+Serialize.m */ = {isa = PBXFileReference; fileEncoding = 4; lastKnownFileType = sourcecode.c.objc; path = "NSObject+Serialize.m"; sourceTree = "<group>"; };
		35C6791C0F2E70C2005FF6CE /* NSString+Serialize.h */ = {isa = PBXFileReference; fileEncoding = 4; lastKnownFileType = sourcecode.c.h; path = "NSString+Serialize.h"; sourceTree = "<group>"; };
		35C6791D0F2E70C2005FF6CE /* NSString+Serialize.m */ = {isa = PBXFileReference; fileEncoding = 4; lastKnownFileType = sourcecode.c.objc; path = "NSString+Serialize.m"; sourceTree = "<group>"; };
		35C6791E0F2E70C2005FF6CE /* Serialize.h */ = {isa = PBXFileReference; fileEncoding = 4; lastKnownFileType = sourcecode.c.h; path = Serialize.h; sourceTree = "<group>"; };
		35C679200F2E70C2005FF6CE /* FromXMLElementDelegate.h */ = {isa = PBXFileReference; fileEncoding = 4; lastKnownFileType = sourcecode.c.h; path = FromXMLElementDelegate.h; sourceTree = "<group>"; };
		35C679210F2E70C2005FF6CE /* FromXMLElementDelegate.m */ = {isa = PBXFileReference; fileEncoding = 4; lastKnownFileType = sourcecode.c.objc; path = FromXMLElementDelegate.m; sourceTree = "<group>"; };
		35C679220F2E70C2005FF6CE /* NSArray+XMLSerializableSupport.h */ = {isa = PBXFileReference; fileEncoding = 4; lastKnownFileType = sourcecode.c.h; path = "NSArray+XMLSerializableSupport.h"; sourceTree = "<group>"; };
		35C679230F2E70C2005FF6CE /* NSArray+XMLSerializableSupport.m */ = {isa = PBXFileReference; fileEncoding = 4; lastKnownFileType = sourcecode.c.objc; path = "NSArray+XMLSerializableSupport.m"; sourceTree = "<group>"; };
		35C679240F2E70C2005FF6CE /* NSDate+XMLSerializableSupport.h */ = {isa = PBXFileReference; fileEncoding = 4; lastKnownFileType = sourcecode.c.h; path = "NSDate+XMLSerializableSupport.h"; sourceTree = "<group>"; };
		35C679250F2E70C2005FF6CE /* NSDate+XMLSerializableSupport.m */ = {isa = PBXFileReference; fileEncoding = 4; lastKnownFileType = sourcecode.c.objc; path = "NSDate+XMLSerializableSupport.m"; sourceTree = "<group>"; };
		35C679260F2E70C2005FF6CE /* NSDictionary+XMLSerializableSupport.h */ = {isa = PBXFileReference; fileEncoding = 4; lastKnownFileType = sourcecode.c.h; path = "NSDictionary+XMLSerializableSupport.h"; sourceTree = "<group>"; };
		35C679270F2E70C2005FF6CE /* NSDictionary+XMLSerializableSupport.m */ = {isa = PBXFileReference; fileEncoding = 4; lastKnownFileType = sourcecode.c.objc; path = "NSDictionary+XMLSerializableSupport.m"; sourceTree = "<group>"; };
		35C679280F2E70C2005FF6CE /* NSNull+XMLSerializableSupport.h */ = {isa = PBXFileReference; fileEncoding = 4; lastKnownFileType = sourcecode.c.h; path = "NSNull+XMLSerializableSupport.h"; sourceTree = "<group>"; };
		35C679290F2E70C2005FF6CE /* NSNull+XMLSerializableSupport.m */ = {isa = PBXFileReference; fileEncoding = 4; lastKnownFileType = sourcecode.c.objc; path = "NSNull+XMLSerializableSupport.m"; sourceTree = "<group>"; };
		35C6792A0F2E70C2005FF6CE /* NSObject+XMLSerializableSupport.h */ = {isa = PBXFileReference; fileEncoding = 4; lastKnownFileType = sourcecode.c.h; path = "NSObject+XMLSerializableSupport.h"; sourceTree = "<group>"; };
		35C6792B0F2E70C2005FF6CE /* NSObject+XMLSerializableSupport.m */ = {isa = PBXFileReference; fileEncoding = 4; lastKnownFileType = sourcecode.c.objc; path = "NSObject+XMLSerializableSupport.m"; sourceTree = "<group>"; };
		35C6792C0F2E70C2005FF6CE /* NSString+XMLSerializableSupport.h */ = {isa = PBXFileReference; fileEncoding = 4; lastKnownFileType = sourcecode.c.h; path = "NSString+XMLSerializableSupport.h"; sourceTree = "<group>"; };
		35C6792D0F2E70C2005FF6CE /* NSString+XMLSerializableSupport.m */ = {isa = PBXFileReference; fileEncoding = 4; lastKnownFileType = sourcecode.c.objc; path = "NSString+XMLSerializableSupport.m"; sourceTree = "<group>"; };
		35C6792E0F2E70C2005FF6CE /* XMLSerializable.h */ = {isa = PBXFileReference; fileEncoding = 4; lastKnownFileType = sourcecode.c.h; path = XMLSerializable.h; sourceTree = "<group>"; };
		35C6792F0F2E70C2005FF6CE /* XMLSerializableSupport.h */ = {isa = PBXFileReference; fileEncoding = 4; lastKnownFileType = sourcecode.c.h; path = XMLSerializableSupport.h; sourceTree = "<group>"; };
		35CA32630F1E67A1001513AA /* ConnectionDelegate.h */ = {isa = PBXFileReference; fileEncoding = 4; lastKnownFileType = sourcecode.c.h; name = ConnectionDelegate.h; path = lib/ConnectionDelegate.h; sourceTree = "<group>"; };
		35CA32640F1E67A1001513AA /* ConnectionDelegate.m */ = {isa = PBXFileReference; fileEncoding = 4; lastKnownFileType = sourcecode.c.objc; name = ConnectionDelegate.m; path = lib/ConnectionDelegate.m; sourceTree = "<group>"; };
		8D1107310486CEB800E47090 /* Info.plist */ = {isa = PBXFileReference; fileEncoding = 4; lastKnownFileType = text.plist.xml; path = Info.plist; sourceTree = "<group>"; };
/* End PBXFileReference section */

/* Begin PBXFrameworksBuildPhase section */
		1D60588F0D05DD3D006BFB54 /* Frameworks */ = {
			isa = PBXFrameworksBuildPhase;
			buildActionMask = 2147483647;
			files = (
				1D60589F0D05DD5A006BFB54 /* Foundation.framework in Frameworks */,
				1DF5F4E00D08C38300B7A737 /* UIKit.framework in Frameworks */,
				350421870E5E1BF200493366 /* CoreGraphics.framework in Frameworks */,
			);
			runOnlyForDeploymentPostprocessing = 0;
		};
		239D4FF20EA6907E00318802 /* Frameworks */ = {
			isa = PBXFrameworksBuildPhase;
			buildActionMask = 2147483647;
			files = (
				239D50CB0EA691DD00318802 /* Foundation.framework in Frameworks */,
				239D50830EA691DB00318802 /* UIKit.framework in Frameworks */,
				239D504D0EA691D800318802 /* CoreGraphics.framework in Frameworks */,
			);
			runOnlyForDeploymentPostprocessing = 0;
		};
/* End PBXFrameworksBuildPhase section */

/* Begin PBXGroup section */
		080E96DDFE201D6D7F000001 /* Classes */ = {
			isa = PBXGroup;
			children = (
				35C678F70F2E70C2005FF6CE /* ObjectiveSupport */,
				239D4FE30EA68FAC00318802 /* GoogleTestUnit */,
				357A915B0E9A436E0025D9AF /* ObjectiveResource */,
				350420F10E5E153C00493366 /* Example */,
			);
			path = Classes;
			sourceTree = "<group>";
		};
		19C28FACFE9D520D11CA2CBB /* Products */ = {
			isa = PBXGroup;
			children = (
				1D6058910D05DD3D006BFB54 /* objective_resource.app */,
				239D4FF40EA6907E00318802 /* Unit Tests.app */,
			);
			name = Products;
			sourceTree = "<group>";
		};
		239D4FE30EA68FAC00318802 /* GoogleTestUnit */ = {
			isa = PBXGroup;
			children = (
				239D4FFD0EA690D700318802 /* GTMDefines.h */,
				239D4FFA0EA690BC00318802 /* GTMSenTestCase.h */,
				239D4FFB0EA690BC00318802 /* GTMSenTestCase.m */,
				239D4FE70EA6906100318802 /* GTMIPhoneUnitTestDelegate.h */,
				239D4FE80EA6906100318802 /* GTMIPhoneUnitTestDelegate.m */,
				239D4FE90EA6906100318802 /* GTMIPhoneUnitTestMain.m */,
			);
			name = GoogleTestUnit;
			sourceTree = "<group>";
		};
		239D50D60EA691EC00318802 /* UnitTests */ = {
			isa = PBXGroup;
			children = (
				239D50D80EA6921800318802 /* DogTest.h */,
				239D50D90EA6921800318802 /* DogTest.m */,
				23B4A6400F092B620021AB9D /* DogErrorTest.h */,
				23B4A6410F092B620021AB9D /* DogErrorTest.m */,
				2322CD630F2F968000EDF562 /* PersonTest.h */,
				2322CD640F2F968000EDF562 /* PersonTest.m */,
				2322CD890F2F9F3D00EDF562 /* ItemIds.h */,
			);
			name = UnitTests;
			sourceTree = "<group>";
		};
		29B97314FDCFA39411CA2CEA /* CustomTemplate */ = {
			isa = PBXGroup;
			children = (
				080E96DDFE201D6D7F000001 /* Classes */,
				29B97315FDCFA39411CA2CEA /* Other Sources */,
				29B97317FDCFA39411CA2CEA /* Resources */,
				29B97323FDCFA39411CA2CEA /* Frameworks */,
				19C28FACFE9D520D11CA2CBB /* Products */,
				239D4FF60EA6907E00318802 /* Unit Tests-Info.plist */,
			);
			name = CustomTemplate;
			sourceTree = "<group>";
		};
		29B97315FDCFA39411CA2CEA /* Other Sources */ = {
			isa = PBXGroup;
			children = (
				32CA4F630368D1EE00C91783 /* objective_resource_Prefix.pch */,
				29B97316FDCFA39411CA2CEA /* main.m */,
			);
			name = "Other Sources";
			sourceTree = "<group>";
		};
		29B97317FDCFA39411CA2CEA /* Resources */ = {
			isa = PBXGroup;
			children = (
				2314FF600F2F8060003B13AB /* DogViewController.xib */,
				2314FF5F0F2F8060003B13AB /* AddPersonView.xib */,
				2314FF650F2F806D003B13AB /* EditPersonController.xib */,
				23829F110EA39C430070F0BF /* ViewDogController.xib */,
				23829E0D0EA393DA0070F0BF /* EditDogViewController.xib */,
				28AD733E0D9D9553002E5188 /* MainWindow.xib */,
				8D1107310486CEB800E47090 /* Info.plist */,
				350421CA0E5E1E0900493366 /* AddDogView.xib */,
			);
			name = Resources;
			sourceTree = "<group>";
		};
		29B97323FDCFA39411CA2CEA /* Frameworks */ = {
			isa = PBXGroup;
			children = (
				350421860E5E1BF200493366 /* CoreGraphics.framework */,
				1DF5F4DF0D08C38300B7A737 /* UIKit.framework */,
				1D30AB110D05D00D00671497 /* Foundation.framework */,
			);
			name = Frameworks;
			sourceTree = "<group>";
		};
		350420F10E5E153C00493366 /* Example */ = {
			isa = PBXGroup;
			children = (
				239D50D60EA691EC00318802 /* UnitTests */,
				2314FF740F2F8094003B13AB /* ViewPersonController.h */,
				2314FF750F2F8094003B13AB /* ViewPersonController.m */,
				2314FF6C0F2F8089003B13AB /* PeopleViewController.h */,
				2314FF6D0F2F8089003B13AB /* PeopleViewController.m */,
				2314FF6E0F2F8089003B13AB /* Person.h */,
				2314FF6F0F2F8089003B13AB /* Person.m */,
				2314FF660F2F806D003B13AB /* EditPersonController.h */,
				2314FF670F2F806D003B13AB /* EditPersonController.m */,
				2314FF5B0F2F804C003B13AB /* AddPersonViewController.h */,
				2314FF5C0F2F804C003B13AB /* AddPersonViewController.m */,
				350420F20E5E15AA00493366 /* DogViewController.h */,
				350420F30E5E15AA00493366 /* DogViewController.m */,
				350421270E5E1A0F00493366 /* Dog.h */,
				350421280E5E1A0F00493366 /* Dog.m */,
				350421CD0E5E1EC500493366 /* AddDogViewController.h */,
				350421CE0E5E1EC500493366 /* AddDogViewController.m */,
				23829E0A0EA393700070F0BF /* EditDogViewController.h */,
				23829E0B0EA393700070F0BF /* EditDogViewController.m */,
				23829EFF0EA39B3B0070F0BF /* ViewDogController.h */,
				23829F000EA39B3B0070F0BF /* ViewDogController.m */,
				1D3623240D0F684500981E51 /* objective_resourceAppDelegate.h */,
				1D3623250D0F684500981E51 /* objective_resourceAppDelegate.m */,
			);
			name = Example;
			sourceTree = "<group>";
		};
		357A915B0E9A436E0025D9AF /* ObjectiveResource */ = {
			isa = PBXGroup;
			children = (
				3584DFD40F31F684008E596B /* NSObject+ObjectiveResource.h */,
				3584DFD50F31F684008E596B /* NSObject+ObjectiveResource.m */,
				357A91630E9A436E0025D9AF /* Connection */,
				357A91970E9A55EF0025D9AF /* ObjectiveResource.h */,
				357A91980E9A55EF0025D9AF /* ObjectiveResource.m */,
			);
			name = ObjectiveResource;
			sourceTree = "<group>";
		};
		357A91630E9A436E0025D9AF /* Connection */ = {
			isa = PBXGroup;
			children = (
				35CA32630F1E67A1001513AA /* ConnectionDelegate.h */,
				35CA32640F1E67A1001513AA /* ConnectionDelegate.m */,
				2377C4F30F019E67006E155F /* NSHTTPURLResponse+Error.h */,
				2377C4F40F019E67006E155F /* NSHTTPURLResponse+Error.m */,
				357A919A0E9A55EF0025D9AF /* Connection.h */,
				357A919B0E9A55EF0025D9AF /* Connection.m */,
				357A91AF0E9A55EF0025D9AF /* Response.h */,
				357A91B00E9A55EF0025D9AF /* Response.m */,
				23C922F10F25066900EDE8AF /* NSMutableURLRequest+ResponseType.h */,
				23C922F20F25066900EDE8AF /* NSMutableURLRequest+ResponseType.m */,
			);
			name = Connection;
			sourceTree = "<group>";
		};
		35C678F70F2E70C2005FF6CE /* ObjectiveSupport */ = {
			isa = PBXGroup;
			children = (
				35C678F80F2E70C2005FF6CE /* Core */,
				35C679060F2E70C2005FF6CE /* json-framework */,
				35C6790E0F2E70C2005FF6CE /* Serialization */,
			);
			name = ObjectiveSupport;
			path = lib/objective_support/Classes/lib;
			sourceTree = "<group>";
		};
		35C678F80F2E70C2005FF6CE /* Core */ = {
			isa = PBXGroup;
			children = (
				35C678F90F2E70C2005FF6CE /* CoreSupport.h */,
				35C678FA0F2E70C2005FF6CE /* Inflections */,
				35C678FD0F2E70C2005FF6CE /* NSData+Additions.h */,
				35C678FE0F2E70C2005FF6CE /* NSData+Additions.m */,
				35C678FF0F2E70C2005FF6CE /* NSObject+PropertySupport.h */,
				35C679000F2E70C2005FF6CE /* NSObject+PropertySupport.m */,
				35C679010F2E70C2005FF6CE /* NSString+GSub.h */,
				35C679020F2E70C2005FF6CE /* NSString+GSub.m */,
				35C679030F2E70C2005FF6CE /* ObjectiveResourceDateFormatter.h */,
				35C679040F2E70C2005FF6CE /* ObjectiveResourceDateFormatter.m */,
				35C679050F2E70C2005FF6CE /* ObjectiveSupport.h */,
			);
			path = Core;
			sourceTree = "<group>";
		};
		35C678FA0F2E70C2005FF6CE /* Inflections */ = {
			isa = PBXGroup;
			children = (
				35C678FB0F2E70C2005FF6CE /* NSString+InflectionSupport.h */,
				35C678FC0F2E70C2005FF6CE /* NSString+InflectionSupport.m */,
			);
			path = Inflections;
			sourceTree = "<group>";
		};
		35C679060F2E70C2005FF6CE /* json-framework */ = {
			isa = PBXGroup;
			children = (
				35C679070F2E70C2005FF6CE /* JSONFramework.h */,
				35C679080F2E70C2005FF6CE /* NSObject+SBJSON.h */,
				35C679090F2E70C2005FF6CE /* NSObject+SBJSON.m */,
				35C6790A0F2E70C2005FF6CE /* NSString+SBJSON.h */,
				35C6790B0F2E70C2005FF6CE /* NSString+SBJSON.m */,
				35C6790C0F2E70C2005FF6CE /* SBJSON.h */,
				35C6790D0F2E70C2005FF6CE /* SBJSON.m */,
			);
			path = "json-framework";
			sourceTree = "<group>";
		};
		35C6790E0F2E70C2005FF6CE /* Serialization */ = {
			isa = PBXGroup;
			children = (
				35C6790F0F2E70C2005FF6CE /* JSON */,
				35C679160F2E70C2005FF6CE /* NSDate+Serialize.h */,
				35C679170F2E70C2005FF6CE /* NSDate+Serialize.m */,
				35C679180F2E70C2005FF6CE /* NSDictionary+KeyTranslation.h */,
				35C679190F2E70C2005FF6CE /* NSDictionary+KeyTranslation.m */,
				35C6791A0F2E70C2005FF6CE /* NSObject+Serialize.h */,
				35C6791B0F2E70C2005FF6CE /* NSObject+Serialize.m */,
				35C6791C0F2E70C2005FF6CE /* NSString+Serialize.h */,
				35C6791D0F2E70C2005FF6CE /* NSString+Serialize.m */,
				35C6791E0F2E70C2005FF6CE /* Serialize.h */,
				35C6791F0F2E70C2005FF6CE /* XML */,
			);
			path = Serialization;
			sourceTree = "<group>";
		};
		35C6790F0F2E70C2005FF6CE /* JSON */ = {
			isa = PBXGroup;
			children = (
				35C679100F2E70C2005FF6CE /* JSONSerializable.h */,
				35C679110F2E70C2005FF6CE /* JSONSerializableSupport.h */,
				35C679120F2E70C2005FF6CE /* NSDictionary+JSONSerializableSupport.h */,
				35C679130F2E70C2005FF6CE /* NSDictionary+JSONSerializableSupport.m */,
				35C679140F2E70C2005FF6CE /* NSObject+JSONSerializableSupport.h */,
				35C679150F2E70C2005FF6CE /* NSObject+JSONSerializableSupport.m */,
			);
			path = JSON;
			sourceTree = "<group>";
		};
		35C6791F0F2E70C2005FF6CE /* XML */ = {
			isa = PBXGroup;
			children = (
				35C679200F2E70C2005FF6CE /* FromXMLElementDelegate.h */,
				35C679210F2E70C2005FF6CE /* FromXMLElementDelegate.m */,
				35C679220F2E70C2005FF6CE /* NSArray+XMLSerializableSupport.h */,
				35C679230F2E70C2005FF6CE /* NSArray+XMLSerializableSupport.m */,
				35C679240F2E70C2005FF6CE /* NSDate+XMLSerializableSupport.h */,
				35C679250F2E70C2005FF6CE /* NSDate+XMLSerializableSupport.m */,
				35C679260F2E70C2005FF6CE /* NSDictionary+XMLSerializableSupport.h */,
				35C679270F2E70C2005FF6CE /* NSDictionary+XMLSerializableSupport.m */,
				35C679280F2E70C2005FF6CE /* NSNull+XMLSerializableSupport.h */,
				35C679290F2E70C2005FF6CE /* NSNull+XMLSerializableSupport.m */,
				35C6792A0F2E70C2005FF6CE /* NSObject+XMLSerializableSupport.h */,
				35C6792B0F2E70C2005FF6CE /* NSObject+XMLSerializableSupport.m */,
				35C6792C0F2E70C2005FF6CE /* NSString+XMLSerializableSupport.h */,
				35C6792D0F2E70C2005FF6CE /* NSString+XMLSerializableSupport.m */,
				35C6792E0F2E70C2005FF6CE /* XMLSerializable.h */,
				35C6792F0F2E70C2005FF6CE /* XMLSerializableSupport.h */,
			);
			path = XML;
			sourceTree = "<group>";
		};
/* End PBXGroup section */

/* Begin PBXNativeTarget section */
		1D6058900D05DD3D006BFB54 /* objective_resource */ = {
			isa = PBXNativeTarget;
			buildConfigurationList = 1D6058960D05DD3E006BFB54 /* Build configuration list for PBXNativeTarget "objective_resource" */;
			buildPhases = (
				1D60588D0D05DD3D006BFB54 /* Resources */,
				1D60588E0D05DD3D006BFB54 /* Sources */,
				1D60588F0D05DD3D006BFB54 /* Frameworks */,
			);
			buildRules = (
			);
			dependencies = (
			);
			name = objective_resource;
			productName = active_resource;
			productReference = 1D6058910D05DD3D006BFB54 /* objective_resource.app */;
			productType = "com.apple.product-type.application";
		};
		239D4FF30EA6907E00318802 /* Unit Tests */ = {
			isa = PBXNativeTarget;
			buildConfigurationList = 239D4FF90EA6907F00318802 /* Build configuration list for PBXNativeTarget "Unit Tests" */;
			buildPhases = (
				35C679680F2E7803005FF6CE /* ShellScript */,
				239D4FF00EA6907E00318802 /* Resources */,
				239D4FF10EA6907E00318802 /* Sources */,
				239D4FF20EA6907E00318802 /* Frameworks */,
			);
			buildRules = (
			);
			dependencies = (
			);
			name = "Unit Tests";
			productName = "Unit Tests";
			productReference = 239D4FF40EA6907E00318802 /* Unit Tests.app */;
			productType = "com.apple.product-type.application";
		};
/* End PBXNativeTarget section */

/* Begin PBXProject section */
		29B97313FDCFA39411CA2CEA /* Project object */ = {
			isa = PBXProject;
			buildConfigurationList = C01FCF4E08A954540054247B /* Build configuration list for PBXProject "objective_resource" */;
			compatibilityVersion = "Xcode 3.1";
			hasScannedForEncodings = 1;
			mainGroup = 29B97314FDCFA39411CA2CEA /* CustomTemplate */;
			projectDirPath = "";
			projectRoot = "";
			targets = (
				1D6058900D05DD3D006BFB54 /* objective_resource */,
				239D4FF30EA6907E00318802 /* Unit Tests */,
			);
		};
/* End PBXProject section */

/* Begin PBXResourcesBuildPhase section */
		1D60588D0D05DD3D006BFB54 /* Resources */ = {
			isa = PBXResourcesBuildPhase;
			buildActionMask = 2147483647;
			files = (
				28AD733F0D9D9553002E5188 /* MainWindow.xib in Resources */,
				350421CB0E5E1E0900493366 /* AddDogView.xib in Resources */,
				23829E0E0EA393DA0070F0BF /* EditDogViewController.xib in Resources */,
				23829F120EA39C430070F0BF /* ViewDogController.xib in Resources */,
				2314FF610F2F8060003B13AB /* AddPersonView.xib in Resources */,
				2314FF620F2F8060003B13AB /* DogViewController.xib in Resources */,
				2314FF680F2F806D003B13AB /* EditPersonController.xib in Resources */,
			);
			runOnlyForDeploymentPostprocessing = 0;
		};
		239D4FF00EA6907E00318802 /* Resources */ = {
			isa = PBXResourcesBuildPhase;
			buildActionMask = 2147483647;
			files = (
				2314FF630F2F8060003B13AB /* AddPersonView.xib in Resources */,
				2314FF640F2F8060003B13AB /* DogViewController.xib in Resources */,
				2314FF6A0F2F806D003B13AB /* EditPersonController.xib in Resources */,
			);
			runOnlyForDeploymentPostprocessing = 0;
		};
/* End PBXResourcesBuildPhase section */

/* Begin PBXShellScriptBuildPhase section */
		35C679680F2E7803005FF6CE /* ShellScript */ = {
			isa = PBXShellScriptBuildPhase;
			buildActionMask = 12;
			files = (
			);
			inputPaths = (
			);
			outputPaths = (
			);
			runOnlyForDeploymentPostprocessing = 0;
			shellPath = /bin/sh;
			shellScript = "cd sample_rails_app\nkill `cat tmp/pids/mongrel.pid`\nrake db:migrate\nrake db:test:prepare\nrake db:populate RAILS_ENV=test\n./script/server -e test -p 36313 -d";
		};
/* End PBXShellScriptBuildPhase section */

/* Begin PBXSourcesBuildPhase section */
		1D60588E0D05DD3D006BFB54 /* Sources */ = {
			isa = PBXSourcesBuildPhase;
			buildActionMask = 2147483647;
			files = (
				1D60589B0D05DD56006BFB54 /* main.m in Sources */,
				1D3623260D0F684500981E51 /* objective_resourceAppDelegate.m in Sources */,
				350420F40E5E15AA00493366 /* DogViewController.m in Sources */,
				350421290E5E1A0F00493366 /* Dog.m in Sources */,
				350421CF0E5E1EC500493366 /* AddDogViewController.m in Sources */,
				357A91B50E9A55EF0025D9AF /* ObjectiveResource.m in Sources */,
				357A91B60E9A55EF0025D9AF /* Connection.m in Sources */,
				357A91C00E9A55EF0025D9AF /* Response.m in Sources */,
				23829E0C0EA393700070F0BF /* EditDogViewController.m in Sources */,
				3584E0A40F32334D008E596B /* NSObject+ObjectiveResource.m in Sources */,
				23829F010EA39B3B0070F0BF /* ViewDogController.m in Sources */,
				2377C4F50F019E67006E155F /* NSHTTPURLResponse+Error.m in Sources */,
				23C922F40F25066900EDE8AF /* NSMutableURLRequest+ResponseType.m in Sources */,
				35CA32650F1E67A1001513AA /* ConnectionDelegate.m in Sources */,
				35C679300F2E70C2005FF6CE /* NSString+InflectionSupport.m in Sources */,
				35C679310F2E70C2005FF6CE /* NSData+Additions.m in Sources */,
				35C679320F2E70C2005FF6CE /* NSObject+PropertySupport.m in Sources */,
				35C679330F2E70C2005FF6CE /* NSString+GSub.m in Sources */,
				35C679340F2E70C2005FF6CE /* ObjectiveResourceDateFormatter.m in Sources */,
				35C679350F2E70C2005FF6CE /* NSObject+SBJSON.m in Sources */,
				35C679360F2E70C2005FF6CE /* NSString+SBJSON.m in Sources */,
				35C679370F2E70C2005FF6CE /* SBJSON.m in Sources */,
				35C679380F2E70C2005FF6CE /* NSDictionary+JSONSerializableSupport.m in Sources */,
				35C679390F2E70C2005FF6CE /* NSObject+JSONSerializableSupport.m in Sources */,
				35C6793A0F2E70C2005FF6CE /* NSDate+Serialize.m in Sources */,
				35C6793B0F2E70C2005FF6CE /* NSDictionary+KeyTranslation.m in Sources */,
				35C6793C0F2E70C2005FF6CE /* NSObject+Serialize.m in Sources */,
				35C6793D0F2E70C2005FF6CE /* NSString+Serialize.m in Sources */,
				35C6793E0F2E70C2005FF6CE /* FromXMLElementDelegate.m in Sources */,
				35C6793F0F2E70C2005FF6CE /* NSArray+XMLSerializableSupport.m in Sources */,
				35C679400F2E70C2005FF6CE /* NSDate+XMLSerializableSupport.m in Sources */,
				35C679410F2E70C2005FF6CE /* NSDictionary+XMLSerializableSupport.m in Sources */,
				35C679420F2E70C2005FF6CE /* NSNull+XMLSerializableSupport.m in Sources */,
				35C679430F2E70C2005FF6CE /* NSObject+XMLSerializableSupport.m in Sources */,
				35C679440F2E70C2005FF6CE /* NSString+XMLSerializableSupport.m in Sources */,
				2314FF5D0F2F804C003B13AB /* AddPersonViewController.m in Sources */,
				2314FF690F2F806D003B13AB /* EditPersonController.m in Sources */,
				2314FF700F2F8089003B13AB /* PeopleViewController.m in Sources */,
				2314FF710F2F8089003B13AB /* Person.m in Sources */,
				2314FF760F2F8094003B13AB /* ViewPersonController.m in Sources */,
			);
			runOnlyForDeploymentPostprocessing = 0;
		};
		239D4FF10EA6907E00318802 /* Sources */ = {
			isa = PBXSourcesBuildPhase;
			buildActionMask = 2147483647;
			files = (
				239D501A0EA691AC00318802 /* DogViewController.m in Sources */,
				239D501B0EA691AC00318802 /* Dog.m in Sources */,
				239D501C0EA691AC00318802 /* AddDogViewController.m in Sources */,
				239D501F0EA691AC00318802 /* ObjectiveResource.m in Sources */,
				239D50200EA691AC00318802 /* Connection.m in Sources */,
				239D502A0EA691AC00318802 /* Response.m in Sources */,
				239D502B0EA691AC00318802 /* EditDogViewController.m in Sources */,
				239D502C0EA691AC00318802 /* ViewDogController.m in Sources */,
				239D4FFC0EA690BC00318802 /* GTMSenTestCase.m in Sources */,
				239D50010EA690E600318802 /* GTMIPhoneUnitTestDelegate.m in Sources */,
				239D50020EA690E600318802 /* GTMIPhoneUnitTestMain.m in Sources */,
				239D50DA0EA6921800318802 /* DogTest.m in Sources */,
				2377C4F60F019E67006E155F /* NSHTTPURLResponse+Error.m in Sources */,
				23B4A6420F092B620021AB9D /* DogErrorTest.m in Sources */,
				23C922F30F25066900EDE8AF /* NSMutableURLRequest+ResponseType.m in Sources */,
				35CA32660F1E67A1001513AA /* ConnectionDelegate.m in Sources */,
				35C679450F2E70C2005FF6CE /* NSString+InflectionSupport.m in Sources */,
				35C679460F2E70C2005FF6CE /* NSData+Additions.m in Sources */,
				35C679470F2E70C2005FF6CE /* NSObject+PropertySupport.m in Sources */,
				35C679480F2E70C2005FF6CE /* NSString+GSub.m in Sources */,
				35C679490F2E70C2005FF6CE /* ObjectiveResourceDateFormatter.m in Sources */,
				35C6794A0F2E70C2005FF6CE /* NSObject+SBJSON.m in Sources */,
				35C6794B0F2E70C2005FF6CE /* NSString+SBJSON.m in Sources */,
				35C6794C0F2E70C2005FF6CE /* SBJSON.m in Sources */,
				35C6794D0F2E70C2005FF6CE /* NSDictionary+JSONSerializableSupport.m in Sources */,
				35C6794E0F2E70C2005FF6CE /* NSObject+JSONSerializableSupport.m in Sources */,
				35C6794F0F2E70C2005FF6CE /* NSDate+Serialize.m in Sources */,
				35C679500F2E70C2005FF6CE /* NSDictionary+KeyTranslation.m in Sources */,
				35C679510F2E70C2005FF6CE /* NSObject+Serialize.m in Sources */,
				35C679520F2E70C2005FF6CE /* NSString+Serialize.m in Sources */,
				35C679530F2E70C2005FF6CE /* FromXMLElementDelegate.m in Sources */,
				35C679540F2E70C2005FF6CE /* NSArray+XMLSerializableSupport.m in Sources */,
				35C679550F2E70C2005FF6CE /* NSDate+XMLSerializableSupport.m in Sources */,
				35C679560F2E70C2005FF6CE /* NSDictionary+XMLSerializableSupport.m in Sources */,
				35C679570F2E70C2005FF6CE /* NSNull+XMLSerializableSupport.m in Sources */,
				35C679580F2E70C2005FF6CE /* NSObject+XMLSerializableSupport.m in Sources */,
				35C679590F2E70C2005FF6CE /* NSString+XMLSerializableSupport.m in Sources */,
				2314FF5E0F2F804C003B13AB /* AddPersonViewController.m in Sources */,
				2314FF6B0F2F806D003B13AB /* EditPersonController.m in Sources */,
				2314FF720F2F8089003B13AB /* PeopleViewController.m in Sources */,
				2314FF730F2F8089003B13AB /* Person.m in Sources */,
				2314FF770F2F8094003B13AB /* ViewPersonController.m in Sources */,
				2322CD650F2F968000EDF562 /* PersonTest.m in Sources */,
				3584DFD60F31F684008E596B /* NSObject+ObjectiveResource.m in Sources */,
			);
			runOnlyForDeploymentPostprocessing = 0;
		};
/* End PBXSourcesBuildPhase section */

/* Begin XCBuildConfiguration section */
		1D6058940D05DD3E006BFB54 /* Debug */ = {
			isa = XCBuildConfiguration;
			buildSettings = {
				ALWAYS_SEARCH_USER_PATHS = NO;
				COPY_PHASE_STRIP = NO;
				GCC_DYNAMIC_NO_PIC = NO;
				GCC_OPTIMIZATION_LEVEL = 0;
				GCC_PRECOMPILE_PREFIX_HEADER = YES;
				GCC_PREFIX_HEADER = objective_resource_Prefix.pch;
				INFOPLIST_FILE = Info.plist;
				PRODUCT_NAME = objective_resource;
			};
			name = Debug;
		};
		1D6058950D05DD3E006BFB54 /* Release */ = {
			isa = XCBuildConfiguration;
			buildSettings = {
				ALWAYS_SEARCH_USER_PATHS = NO;
				COPY_PHASE_STRIP = YES;
				GCC_PRECOMPILE_PREFIX_HEADER = YES;
				GCC_PREFIX_HEADER = objective_resource_Prefix.pch;
				INFOPLIST_FILE = Info.plist;
				PRODUCT_NAME = objective_resource;
			};
			name = Release;
		};
		239D4FF70EA6907F00318802 /* Debug */ = {
			isa = XCBuildConfiguration;
			buildSettings = {
				ALWAYS_SEARCH_USER_PATHS = NO;
				CODE_SIGN_IDENTITY = "iPhone Developer";
				COPY_PHASE_STRIP = NO;
				GCC_DYNAMIC_NO_PIC = NO;
				GCC_OPTIMIZATION_LEVEL = 0;
				GCC_PRECOMPILE_PREFIX_HEADER = YES;
				GCC_PREFIX_HEADER = "$(SYSTEM_LIBRARY_DIR)/Frameworks/UIKit.framework/Headers/UIKit.h";
				GCC_PREPROCESSOR_DEFINITIONS = "";
				INFOPLIST_FILE = "Unit Tests-Info.plist";
				INSTALL_PATH = "$(HOME)/Applications";
				OTHER_LDFLAGS = (
					"-framework",
					Foundation,
					"-framework",
					UIKit,
				);
				PREBINDING = NO;
				PRODUCT_NAME = "Unit Tests";
				SDKROOT = iphoneos2.1;
			};
			name = Debug;
		};
		239D4FF80EA6907F00318802 /* Release */ = {
			isa = XCBuildConfiguration;
			buildSettings = {
				ALWAYS_SEARCH_USER_PATHS = NO;
				CODE_SIGN_IDENTITY = "iPhone Developer";
				COPY_PHASE_STRIP = YES;
				DEBUG_INFORMATION_FORMAT = "dwarf-with-dsym";
				GCC_ENABLE_FIX_AND_CONTINUE = NO;
				GCC_PRECOMPILE_PREFIX_HEADER = YES;
				GCC_PREFIX_HEADER = "$(SYSTEM_LIBRARY_DIR)/Frameworks/UIKit.framework/Headers/UIKit.h";
				INFOPLIST_FILE = "Unit Tests-Info.plist";
				INSTALL_PATH = "$(HOME)/Applications";
				OTHER_LDFLAGS = (
					"-framework",
					Foundation,
					"-framework",
					UIKit,
				);
				PREBINDING = NO;
				PRODUCT_NAME = "Unit Tests";
				SDKROOT = iphoneos2.1;
				ZERO_LINK = NO;
			};
			name = Release;
		};
		C01FCF4F08A954540054247B /* Debug */ = {
			isa = XCBuildConfiguration;
			buildSettings = {
				ARCHS = "$(ARCHS_STANDARD_32_BIT)";
				"CODE_SIGN_IDENTITY[sdk=iphoneos*]" = "iPhone Developer";
				GCC_C_LANGUAGE_STANDARD = c99;
				GCC_PRECOMPILE_PREFIX_HEADER = YES;
				GCC_PREFIX_HEADER = objective_resource_Prefix.pch;
				GCC_PREPROCESSOR_DEFINITIONS = DEBUG;
				GCC_WARN_ABOUT_RETURN_TYPE = YES;
				GCC_WARN_UNUSED_VARIABLE = YES;
				ONLY_ACTIVE_ARCH = YES;
				PREBINDING = NO;
				SDKROOT = iphoneos2.0;
			};
			name = Debug;
		};
		C01FCF5008A954540054247B /* Release */ = {
			isa = XCBuildConfiguration;
			buildSettings = {
				ARCHS = "$(ARCHS_STANDARD_32_BIT)";
				"CODE_SIGN_IDENTITY[sdk=iphoneos*]" = "iPhone Developer";
				GCC_C_LANGUAGE_STANDARD = c99;
				GCC_PRECOMPILE_PREFIX_HEADER = YES;
				GCC_PREFIX_HEADER = objective_resource_Prefix.pch;
				GCC_WARN_ABOUT_RETURN_TYPE = YES;
				GCC_WARN_UNUSED_VARIABLE = YES;
				PREBINDING = NO;
				SDKROOT = iphoneos2.0;
			};
			name = Release;
		};
/* End XCBuildConfiguration section */

/* Begin XCConfigurationList section */
		1D6058960D05DD3E006BFB54 /* Build configuration list for PBXNativeTarget "objective_resource" */ = {
			isa = XCConfigurationList;
			buildConfigurations = (
				1D6058940D05DD3E006BFB54 /* Debug */,
				1D6058950D05DD3E006BFB54 /* Release */,
			);
			defaultConfigurationIsVisible = 0;
			defaultConfigurationName = Release;
		};
		239D4FF90EA6907F00318802 /* Build configuration list for PBXNativeTarget "Unit Tests" */ = {
			isa = XCConfigurationList;
			buildConfigurations = (
				239D4FF70EA6907F00318802 /* Debug */,
				239D4FF80EA6907F00318802 /* Release */,
			);
			defaultConfigurationIsVisible = 0;
			defaultConfigurationName = Release;
		};
		C01FCF4E08A954540054247B /* Build configuration list for PBXProject "objective_resource" */ = {
			isa = XCConfigurationList;
			buildConfigurations = (
				C01FCF4F08A954540054247B /* Debug */,
				C01FCF5008A954540054247B /* Release */,
			);
			defaultConfigurationIsVisible = 0;
			defaultConfigurationName = Release;
		};
/* End XCConfigurationList section */
	};
	rootObject = 29B97313FDCFA39411CA2CEA /* Project object */;
}
