// !$*UTF8*$!
{
	archiveVersion = 1;
	classes = {
	};
	objectVersion = 45;
	objects = {

/* Begin PBXBuildFile section */
		1D3623260D0F684500981E51 /* active_resourceAppDelegate.m in Sources */ = {isa = PBXBuildFile; fileRef = 1D3623250D0F684500981E51 /* active_resourceAppDelegate.m */; };
		1D60589B0D05DD56006BFB54 /* main.m in Sources */ = {isa = PBXBuildFile; fileRef = 29B97316FDCFA39411CA2CEA /* main.m */; };
		1D60589F0D05DD5A006BFB54 /* Foundation.framework in Frameworks */ = {isa = PBXBuildFile; fileRef = 1D30AB110D05D00D00671497 /* Foundation.framework */; };
		1DF5F4E00D08C38300B7A737 /* UIKit.framework in Frameworks */ = {isa = PBXBuildFile; fileRef = 1DF5F4DF0D08C38300B7A737 /* UIKit.framework */; };
		23829E0C0EA393700070F0BF /* EditDogViewController.m in Sources */ = {isa = PBXBuildFile; fileRef = 23829E0B0EA393700070F0BF /* EditDogViewController.m */; };
		23829E0E0EA393DA0070F0BF /* EditDogViewController.xib in Resources */ = {isa = PBXBuildFile; fileRef = 23829E0D0EA393DA0070F0BF /* EditDogViewController.xib */; };
		23829F010EA39B3B0070F0BF /* ViewDogController.m in Sources */ = {isa = PBXBuildFile; fileRef = 23829F000EA39B3B0070F0BF /* ViewDogController.m */; };
		23829F120EA39C430070F0BF /* ViewDogController.xib in Resources */ = {isa = PBXBuildFile; fileRef = 23829F110EA39C430070F0BF /* ViewDogController.xib */; };
		239D4FFC0EA690BC00318802 /* GTMSenTestCase.m in Sources */ = {isa = PBXBuildFile; fileRef = 239D4FFB0EA690BC00318802 /* GTMSenTestCase.m */; };
		239D4FFE0EA690E600318802 /* GTMDefines.h in Sources */ = {isa = PBXBuildFile; fileRef = 239D4FFD0EA690D700318802 /* GTMDefines.h */; };
		239D4FFF0EA690E600318802 /* GTMSenTestCase.h in Sources */ = {isa = PBXBuildFile; fileRef = 239D4FFA0EA690BC00318802 /* GTMSenTestCase.h */; };
		239D50000EA690E600318802 /* GTMIPhoneUnitTestDelegate.h in Sources */ = {isa = PBXBuildFile; fileRef = 239D4FE70EA6906100318802 /* GTMIPhoneUnitTestDelegate.h */; };
		239D50010EA690E600318802 /* GTMIPhoneUnitTestDelegate.m in Sources */ = {isa = PBXBuildFile; fileRef = 239D4FE80EA6906100318802 /* GTMIPhoneUnitTestDelegate.m */; };
		239D50020EA690E600318802 /* GTMIPhoneUnitTestMain.m in Sources */ = {isa = PBXBuildFile; fileRef = 239D4FE90EA6906100318802 /* GTMIPhoneUnitTestMain.m */; };
		239D501A0EA691AC00318802 /* DogViewController.m in Sources */ = {isa = PBXBuildFile; fileRef = 350420F30E5E15AA00493366 /* DogViewController.m */; };
		239D501B0EA691AC00318802 /* Dog.m in Sources */ = {isa = PBXBuildFile; fileRef = 350421280E5E1A0F00493366 /* Dog.m */; };
		239D501C0EA691AC00318802 /* AddDogViewController.m in Sources */ = {isa = PBXBuildFile; fileRef = 350421CE0E5E1EC500493366 /* AddDogViewController.m */; };
		239D501D0EA691AC00318802 /* ActiveResource+Base.m in Sources */ = {isa = PBXBuildFile; fileRef = 357A91940E9A55EF0025D9AF /* ActiveResource+Base.m */; };
		239D501E0EA691AC00318802 /* ActiveResource+XMLSerializableSupport.m in Sources */ = {isa = PBXBuildFile; fileRef = 357A91960E9A55EF0025D9AF /* ActiveResource+XMLSerializableSupport.m */; };
		239D501F0EA691AC00318802 /* ActiveResource.m in Sources */ = {isa = PBXBuildFile; fileRef = 357A91980E9A55EF0025D9AF /* ActiveResource.m */; };
		239D50200EA691AC00318802 /* Connection.m in Sources */ = {isa = PBXBuildFile; fileRef = 357A919B0E9A55EF0025D9AF /* Connection.m */; };
		239D50210EA691AC00318802 /* FromXMLElementDelegate.m in Sources */ = {isa = PBXBuildFile; fileRef = 357A919E0E9A55EF0025D9AF /* FromXMLElementDelegate.m */; };
		239D50220EA691AC00318802 /* NSArray+XMLSerializableSupport.m in Sources */ = {isa = PBXBuildFile; fileRef = 357A91A00E9A55EF0025D9AF /* NSArray+XMLSerializableSupport.m */; };
		239D50230EA691AC00318802 /* NSDate+XMLSerializableSupport.m in Sources */ = {isa = PBXBuildFile; fileRef = 357A91A20E9A55EF0025D9AF /* NSDate+XMLSerializableSupport.m */; };
		239D50240EA691AC00318802 /* NSDictionary+XMLSerializableSupport.m in Sources */ = {isa = PBXBuildFile; fileRef = 357A91A40E9A55EF0025D9AF /* NSDictionary+XMLSerializableSupport.m */; };
		239D50250EA691AC00318802 /* NSNull+XMLSerializableSupport.m in Sources */ = {isa = PBXBuildFile; fileRef = 357A91A60E9A55EF0025D9AF /* NSNull+XMLSerializableSupport.m */; };
		239D50260EA691AC00318802 /* NSObject+PropertySupport.m in Sources */ = {isa = PBXBuildFile; fileRef = 357A91A80E9A55EF0025D9AF /* NSObject+PropertySupport.m */; };
		239D50270EA691AC00318802 /* NSObject+XMLSerializableSupport.m in Sources */ = {isa = PBXBuildFile; fileRef = 357A91AA0E9A55EF0025D9AF /* NSObject+XMLSerializableSupport.m */; };
		239D50280EA691AC00318802 /* NSString+GSub.m in Sources */ = {isa = PBXBuildFile; fileRef = 357A91AC0E9A55EF0025D9AF /* NSString+GSub.m */; };
		239D50290EA691AC00318802 /* NSString+InflectionSupport.m in Sources */ = {isa = PBXBuildFile; fileRef = 357A91AE0E9A55EF0025D9AF /* NSString+InflectionSupport.m */; };
		239D502A0EA691AC00318802 /* Response.m in Sources */ = {isa = PBXBuildFile; fileRef = 357A91B00E9A55EF0025D9AF /* Response.m */; };
		239D502B0EA691AC00318802 /* EditDogViewController.m in Sources */ = {isa = PBXBuildFile; fileRef = 23829E0B0EA393700070F0BF /* EditDogViewController.m */; };
		239D502C0EA691AC00318802 /* ViewDogController.m in Sources */ = {isa = PBXBuildFile; fileRef = 23829F000EA39B3B0070F0BF /* ViewDogController.m */; };
		239D504D0EA691D800318802 /* CoreGraphics.framework in Frameworks */ = {isa = PBXBuildFile; fileRef = 350421860E5E1BF200493366 /* CoreGraphics.framework */; };
		239D50830EA691DB00318802 /* UIKit.framework in Frameworks */ = {isa = PBXBuildFile; fileRef = 1DF5F4DF0D08C38300B7A737 /* UIKit.framework */; };
		239D50CB0EA691DD00318802 /* Foundation.framework in Frameworks */ = {isa = PBXBuildFile; fileRef = 1D30AB110D05D00D00671497 /* Foundation.framework */; };
		239D50DA0EA6921800318802 /* DogTest.m in Sources */ = {isa = PBXBuildFile; fileRef = 239D50D90EA6921800318802 /* DogTest.m */; };
		239D50E70EA694F300318802 /* rails_boot_strap.rb in Resources */ = {isa = PBXBuildFile; fileRef = 239D50E60EA694F300318802 /* rails_boot_strap.rb */; };
		239D75CD0EAF8D3700664953 /* ObjectiveResourceDateFormatter.m in Sources */ = {isa = PBXBuildFile; fileRef = 239D75CC0EAF8D3700664953 /* ObjectiveResourceDateFormatter.m */; };
		239D75CE0EAF8D3700664953 /* ObjectiveResourceDateFormatter.m in Sources */ = {isa = PBXBuildFile; fileRef = 239D75CC0EAF8D3700664953 /* ObjectiveResourceDateFormatter.m */; };
		28AD733F0D9D9553002E5188 /* MainWindow.xib in Resources */ = {isa = PBXBuildFile; fileRef = 28AD733E0D9D9553002E5188 /* MainWindow.xib */; };
		350420F40E5E15AA00493366 /* DogViewController.m in Sources */ = {isa = PBXBuildFile; fileRef = 350420F30E5E15AA00493366 /* DogViewController.m */; };
		350421290E5E1A0F00493366 /* Dog.m in Sources */ = {isa = PBXBuildFile; fileRef = 350421280E5E1A0F00493366 /* Dog.m */; };
		350421870E5E1BF200493366 /* CoreGraphics.framework in Frameworks */ = {isa = PBXBuildFile; fileRef = 350421860E5E1BF200493366 /* CoreGraphics.framework */; };
		350421CB0E5E1E0900493366 /* AddDogView.xib in Resources */ = {isa = PBXBuildFile; fileRef = 350421CA0E5E1E0900493366 /* AddDogView.xib */; };
		350421CF0E5E1EC500493366 /* AddDogViewController.m in Sources */ = {isa = PBXBuildFile; fileRef = 350421CE0E5E1EC500493366 /* AddDogViewController.m */; };
		3506000D0EA7FCCA0085CBDF /* NSData+Additions.m in Sources */ = {isa = PBXBuildFile; fileRef = 3506000C0EA7FCCA0085CBDF /* NSData+Additions.m */; };
		350600100EA7FCDF0085CBDF /* NSData+Additions.h in Sources */ = {isa = PBXBuildFile; fileRef = 3506000B0EA7FCCA0085CBDF /* NSData+Additions.h */; };
		350600110EA7FCDF0085CBDF /* NSData+Additions.m in Sources */ = {isa = PBXBuildFile; fileRef = 3506000C0EA7FCCA0085CBDF /* NSData+Additions.m */; };
		357A91B30E9A55EF0025D9AF /* ActiveResource+Base.m in Sources */ = {isa = PBXBuildFile; fileRef = 357A91940E9A55EF0025D9AF /* ActiveResource+Base.m */; };
		357A91B40E9A55EF0025D9AF /* ActiveResource+XMLSerializableSupport.m in Sources */ = {isa = PBXBuildFile; fileRef = 357A91960E9A55EF0025D9AF /* ActiveResource+XMLSerializableSupport.m */; };
		357A91B50E9A55EF0025D9AF /* ActiveResource.m in Sources */ = {isa = PBXBuildFile; fileRef = 357A91980E9A55EF0025D9AF /* ActiveResource.m */; };
		357A91B60E9A55EF0025D9AF /* Connection.m in Sources */ = {isa = PBXBuildFile; fileRef = 357A919B0E9A55EF0025D9AF /* Connection.m */; };
		357A91B70E9A55EF0025D9AF /* FromXMLElementDelegate.m in Sources */ = {isa = PBXBuildFile; fileRef = 357A919E0E9A55EF0025D9AF /* FromXMLElementDelegate.m */; };
		357A91B80E9A55EF0025D9AF /* NSArray+XMLSerializableSupport.m in Sources */ = {isa = PBXBuildFile; fileRef = 357A91A00E9A55EF0025D9AF /* NSArray+XMLSerializableSupport.m */; };
		357A91B90E9A55EF0025D9AF /* NSDate+XMLSerializableSupport.m in Sources */ = {isa = PBXBuildFile; fileRef = 357A91A20E9A55EF0025D9AF /* NSDate+XMLSerializableSupport.m */; };
		357A91BA0E9A55EF0025D9AF /* NSDictionary+XMLSerializableSupport.m in Sources */ = {isa = PBXBuildFile; fileRef = 357A91A40E9A55EF0025D9AF /* NSDictionary+XMLSerializableSupport.m */; };
		357A91BB0E9A55EF0025D9AF /* NSNull+XMLSerializableSupport.m in Sources */ = {isa = PBXBuildFile; fileRef = 357A91A60E9A55EF0025D9AF /* NSNull+XMLSerializableSupport.m */; };
		357A91BC0E9A55EF0025D9AF /* NSObject+PropertySupport.m in Sources */ = {isa = PBXBuildFile; fileRef = 357A91A80E9A55EF0025D9AF /* NSObject+PropertySupport.m */; };
		357A91BD0E9A55EF0025D9AF /* NSObject+XMLSerializableSupport.m in Sources */ = {isa = PBXBuildFile; fileRef = 357A91AA0E9A55EF0025D9AF /* NSObject+XMLSerializableSupport.m */; };
		357A91BE0E9A55EF0025D9AF /* NSString+GSub.m in Sources */ = {isa = PBXBuildFile; fileRef = 357A91AC0E9A55EF0025D9AF /* NSString+GSub.m */; };
		357A91BF0E9A55EF0025D9AF /* NSString+InflectionSupport.m in Sources */ = {isa = PBXBuildFile; fileRef = 357A91AE0E9A55EF0025D9AF /* NSString+InflectionSupport.m */; };
		357A91C00E9A55EF0025D9AF /* Response.m in Sources */ = {isa = PBXBuildFile; fileRef = 357A91B00E9A55EF0025D9AF /* Response.m */; };
/* End PBXBuildFile section */

/* Begin PBXFileReference section */
		1D30AB110D05D00D00671497 /* Foundation.framework */ = {isa = PBXFileReference; lastKnownFileType = wrapper.framework; name = Foundation.framework; path = System/Library/Frameworks/Foundation.framework; sourceTree = SDKROOT; };
		1D3623240D0F684500981E51 /* active_resourceAppDelegate.h */ = {isa = PBXFileReference; fileEncoding = 4; lastKnownFileType = sourcecode.c.h; path = active_resourceAppDelegate.h; sourceTree = "<group>"; };
		1D3623250D0F684500981E51 /* active_resourceAppDelegate.m */ = {isa = PBXFileReference; fileEncoding = 4; lastKnownFileType = sourcecode.c.objc; path = active_resourceAppDelegate.m; sourceTree = "<group>"; };
		1D6058910D05DD3D006BFB54 /* active_resource.app */ = {isa = PBXFileReference; explicitFileType = wrapper.application; includeInIndex = 0; path = active_resource.app; sourceTree = BUILT_PRODUCTS_DIR; };
		1DF5F4DF0D08C38300B7A737 /* UIKit.framework */ = {isa = PBXFileReference; lastKnownFileType = wrapper.framework; name = UIKit.framework; path = System/Library/Frameworks/UIKit.framework; sourceTree = SDKROOT; };
		23829E0A0EA393700070F0BF /* EditDogViewController.h */ = {isa = PBXFileReference; fileEncoding = 4; lastKnownFileType = sourcecode.c.h; path = EditDogViewController.h; sourceTree = "<group>"; };
		23829E0B0EA393700070F0BF /* EditDogViewController.m */ = {isa = PBXFileReference; fileEncoding = 4; lastKnownFileType = sourcecode.c.objc; path = EditDogViewController.m; sourceTree = "<group>"; };
		23829E0D0EA393DA0070F0BF /* EditDogViewController.xib */ = {isa = PBXFileReference; lastKnownFileType = file.xib; path = EditDogViewController.xib; sourceTree = "<group>"; };
		23829EFF0EA39B3B0070F0BF /* ViewDogController.h */ = {isa = PBXFileReference; fileEncoding = 4; lastKnownFileType = sourcecode.c.h; path = ViewDogController.h; sourceTree = "<group>"; };
		23829F000EA39B3B0070F0BF /* ViewDogController.m */ = {isa = PBXFileReference; fileEncoding = 4; lastKnownFileType = sourcecode.c.objc; path = ViewDogController.m; sourceTree = "<group>"; };
		23829F110EA39C430070F0BF /* ViewDogController.xib */ = {isa = PBXFileReference; lastKnownFileType = file.xib; path = ViewDogController.xib; sourceTree = "<group>"; };
		239D4FE70EA6906100318802 /* GTMIPhoneUnitTestDelegate.h */ = {isa = PBXFileReference; fileEncoding = 4; lastKnownFileType = sourcecode.c.h; name = GTMIPhoneUnitTestDelegate.h; path = google_toolbar/UnitTesting/GTMIPhoneUnitTestDelegate.h; sourceTree = SOURCE_ROOT; };
		239D4FE80EA6906100318802 /* GTMIPhoneUnitTestDelegate.m */ = {isa = PBXFileReference; fileEncoding = 4; lastKnownFileType = sourcecode.c.objc; name = GTMIPhoneUnitTestDelegate.m; path = google_toolbar/UnitTesting/GTMIPhoneUnitTestDelegate.m; sourceTree = SOURCE_ROOT; };
		239D4FE90EA6906100318802 /* GTMIPhoneUnitTestMain.m */ = {isa = PBXFileReference; fileEncoding = 4; lastKnownFileType = sourcecode.c.objc; name = GTMIPhoneUnitTestMain.m; path = google_toolbar/UnitTesting/GTMIPhoneUnitTestMain.m; sourceTree = SOURCE_ROOT; };
		239D4FF40EA6907E00318802 /* Unit Tests.app */ = {isa = PBXFileReference; explicitFileType = wrapper.application; includeInIndex = 0; path = "Unit Tests.app"; sourceTree = BUILT_PRODUCTS_DIR; };
		239D4FF60EA6907E00318802 /* Unit Tests-Info.plist */ = {isa = PBXFileReference; lastKnownFileType = text.plist.xml; path = "Unit Tests-Info.plist"; sourceTree = "<group>"; };
		239D4FFA0EA690BC00318802 /* GTMSenTestCase.h */ = {isa = PBXFileReference; fileEncoding = 4; lastKnownFileType = sourcecode.c.h; name = GTMSenTestCase.h; path = google_toolbar/UnitTesting/GTMSenTestCase.h; sourceTree = SOURCE_ROOT; };
		239D4FFB0EA690BC00318802 /* GTMSenTestCase.m */ = {isa = PBXFileReference; fileEncoding = 4; lastKnownFileType = sourcecode.c.objc; name = GTMSenTestCase.m; path = google_toolbar/UnitTesting/GTMSenTestCase.m; sourceTree = SOURCE_ROOT; };
		239D4FFD0EA690D700318802 /* GTMDefines.h */ = {isa = PBXFileReference; fileEncoding = 4; lastKnownFileType = sourcecode.c.h; name = GTMDefines.h; path = google_toolbar/GTMDefines.h; sourceTree = SOURCE_ROOT; };
		239D50D80EA6921800318802 /* DogTest.h */ = {isa = PBXFileReference; fileEncoding = 4; lastKnownFileType = sourcecode.c.h; path = DogTest.h; sourceTree = "<group>"; };
		239D50D90EA6921800318802 /* DogTest.m */ = {isa = PBXFileReference; fileEncoding = 4; lastKnownFileType = sourcecode.c.objc; path = DogTest.m; sourceTree = "<group>"; };
		239D50E60EA694F300318802 /* rails_boot_strap.rb */ = {isa = PBXFileReference; fileEncoding = 4; lastKnownFileType = text.script.ruby; path = rails_boot_strap.rb; sourceTree = "<group>"; };
		239D75CB0EAF8D3700664953 /* ObjectiveResourceDateFormatter.h */ = {isa = PBXFileReference; fileEncoding = 4; lastKnownFileType = sourcecode.c.h; name = ObjectiveResourceDateFormatter.h; path = lib/ObjectiveResourceDateFormatter.h; sourceTree = "<group>"; };
		239D75CC0EAF8D3700664953 /* ObjectiveResourceDateFormatter.m */ = {isa = PBXFileReference; fileEncoding = 4; lastKnownFileType = sourcecode.c.objc; name = ObjectiveResourceDateFormatter.m; path = lib/ObjectiveResourceDateFormatter.m; sourceTree = "<group>"; };
		28AD733E0D9D9553002E5188 /* MainWindow.xib */ = {isa = PBXFileReference; lastKnownFileType = file.xib; path = MainWindow.xib; sourceTree = "<group>"; };
		29B97316FDCFA39411CA2CEA /* main.m */ = {isa = PBXFileReference; fileEncoding = 4; lastKnownFileType = sourcecode.c.objc; path = main.m; sourceTree = "<group>"; };
		32CA4F630368D1EE00C91783 /* active_resource_Prefix.pch */ = {isa = PBXFileReference; fileEncoding = 4; lastKnownFileType = sourcecode.c.h; path = active_resource_Prefix.pch; sourceTree = "<group>"; };
		350420F20E5E15AA00493366 /* DogViewController.h */ = {isa = PBXFileReference; fileEncoding = 4; lastKnownFileType = sourcecode.c.h; path = DogViewController.h; sourceTree = "<group>"; };
		350420F30E5E15AA00493366 /* DogViewController.m */ = {isa = PBXFileReference; fileEncoding = 4; lastKnownFileType = sourcecode.c.objc; path = DogViewController.m; sourceTree = "<group>"; };
		350421270E5E1A0F00493366 /* Dog.h */ = {isa = PBXFileReference; fileEncoding = 4; lastKnownFileType = sourcecode.c.h; path = Dog.h; sourceTree = "<group>"; };
		350421280E5E1A0F00493366 /* Dog.m */ = {isa = PBXFileReference; fileEncoding = 4; lastKnownFileType = sourcecode.c.objc; path = Dog.m; sourceTree = "<group>"; };
		350421860E5E1BF200493366 /* CoreGraphics.framework */ = {isa = PBXFileReference; lastKnownFileType = wrapper.framework; name = CoreGraphics.framework; path = System/Library/Frameworks/CoreGraphics.framework; sourceTree = SDKROOT; };
		350421CA0E5E1E0900493366 /* AddDogView.xib */ = {isa = PBXFileReference; lastKnownFileType = file.xib; path = AddDogView.xib; sourceTree = "<group>"; };
		350421CD0E5E1EC500493366 /* AddDogViewController.h */ = {isa = PBXFileReference; fileEncoding = 4; lastKnownFileType = sourcecode.c.h; path = AddDogViewController.h; sourceTree = "<group>"; };
		350421CE0E5E1EC500493366 /* AddDogViewController.m */ = {isa = PBXFileReference; fileEncoding = 4; lastKnownFileType = sourcecode.c.objc; path = AddDogViewController.m; sourceTree = "<group>"; };
		3506000B0EA7FCCA0085CBDF /* NSData+Additions.h */ = {isa = PBXFileReference; fileEncoding = 4; lastKnownFileType = sourcecode.c.h; name = "NSData+Additions.h"; path = "lib/NSData+Additions.h"; sourceTree = "<group>"; };
		3506000C0EA7FCCA0085CBDF /* NSData+Additions.m */ = {isa = PBXFileReference; fileEncoding = 4; lastKnownFileType = sourcecode.c.objc; name = "NSData+Additions.m"; path = "lib/NSData+Additions.m"; sourceTree = "<group>"; };
		357A91930E9A55EF0025D9AF /* ActiveResource+Base.h */ = {isa = PBXFileReference; fileEncoding = 4; lastKnownFileType = sourcecode.c.h; name = "ActiveResource+Base.h"; path = "lib/ActiveResource+Base.h"; sourceTree = "<group>"; };
		357A91940E9A55EF0025D9AF /* ActiveResource+Base.m */ = {isa = PBXFileReference; fileEncoding = 4; lastKnownFileType = sourcecode.c.objc; name = "ActiveResource+Base.m"; path = "lib/ActiveResource+Base.m"; sourceTree = "<group>"; };
		357A91950E9A55EF0025D9AF /* ActiveResource+XMLSerializableSupport.h */ = {isa = PBXFileReference; fileEncoding = 4; lastKnownFileType = sourcecode.c.h; name = "ActiveResource+XMLSerializableSupport.h"; path = "lib/ActiveResource+XMLSerializableSupport.h"; sourceTree = "<group>"; };
		357A91960E9A55EF0025D9AF /* ActiveResource+XMLSerializableSupport.m */ = {isa = PBXFileReference; fileEncoding = 4; lastKnownFileType = sourcecode.c.objc; name = "ActiveResource+XMLSerializableSupport.m"; path = "lib/ActiveResource+XMLSerializableSupport.m"; sourceTree = "<group>"; };
		357A91970E9A55EF0025D9AF /* ActiveResource.h */ = {isa = PBXFileReference; fileEncoding = 4; lastKnownFileType = sourcecode.c.h; name = ActiveResource.h; path = lib/ActiveResource.h; sourceTree = "<group>"; };
		357A91980E9A55EF0025D9AF /* ActiveResource.m */ = {isa = PBXFileReference; fileEncoding = 4; lastKnownFileType = sourcecode.c.objc; name = ActiveResource.m; path = lib/ActiveResource.m; sourceTree = "<group>"; };
		357A91990E9A55EF0025D9AF /* ActiveResourceSupport.h */ = {isa = PBXFileReference; fileEncoding = 4; lastKnownFileType = sourcecode.c.h; name = ActiveResourceSupport.h; path = lib/ActiveResourceSupport.h; sourceTree = "<group>"; };
		357A919A0E9A55EF0025D9AF /* Connection.h */ = {isa = PBXFileReference; fileEncoding = 4; lastKnownFileType = sourcecode.c.h; name = Connection.h; path = lib/Connection.h; sourceTree = "<group>"; };
		357A919B0E9A55EF0025D9AF /* Connection.m */ = {isa = PBXFileReference; fileEncoding = 4; lastKnownFileType = sourcecode.c.objc; name = Connection.m; path = lib/Connection.m; sourceTree = "<group>"; };
		357A919C0E9A55EF0025D9AF /* CoreSupport.h */ = {isa = PBXFileReference; fileEncoding = 4; lastKnownFileType = sourcecode.c.h; name = CoreSupport.h; path = lib/CoreSupport.h; sourceTree = "<group>"; };
		357A919D0E9A55EF0025D9AF /* FromXMLElementDelegate.h */ = {isa = PBXFileReference; fileEncoding = 4; lastKnownFileType = sourcecode.c.h; name = FromXMLElementDelegate.h; path = lib/FromXMLElementDelegate.h; sourceTree = "<group>"; };
		357A919E0E9A55EF0025D9AF /* FromXMLElementDelegate.m */ = {isa = PBXFileReference; fileEncoding = 4; lastKnownFileType = sourcecode.c.objc; name = FromXMLElementDelegate.m; path = lib/FromXMLElementDelegate.m; sourceTree = "<group>"; };
		357A919F0E9A55EF0025D9AF /* NSArray+XMLSerializableSupport.h */ = {isa = PBXFileReference; fileEncoding = 4; lastKnownFileType = sourcecode.c.h; name = "NSArray+XMLSerializableSupport.h"; path = "lib/NSArray+XMLSerializableSupport.h"; sourceTree = "<group>"; };
		357A91A00E9A55EF0025D9AF /* NSArray+XMLSerializableSupport.m */ = {isa = PBXFileReference; fileEncoding = 4; lastKnownFileType = sourcecode.c.objc; name = "NSArray+XMLSerializableSupport.m"; path = "lib/NSArray+XMLSerializableSupport.m"; sourceTree = "<group>"; };
		357A91A10E9A55EF0025D9AF /* NSDate+XMLSerializableSupport.h */ = {isa = PBXFileReference; fileEncoding = 4; lastKnownFileType = sourcecode.c.h; name = "NSDate+XMLSerializableSupport.h"; path = "lib/NSDate+XMLSerializableSupport.h"; sourceTree = "<group>"; };
		357A91A20E9A55EF0025D9AF /* NSDate+XMLSerializableSupport.m */ = {isa = PBXFileReference; fileEncoding = 4; lastKnownFileType = sourcecode.c.objc; name = "NSDate+XMLSerializableSupport.m"; path = "lib/NSDate+XMLSerializableSupport.m"; sourceTree = "<group>"; };
		357A91A30E9A55EF0025D9AF /* NSDictionary+XMLSerializableSupport.h */ = {isa = PBXFileReference; fileEncoding = 4; lastKnownFileType = sourcecode.c.h; name = "NSDictionary+XMLSerializableSupport.h"; path = "lib/NSDictionary+XMLSerializableSupport.h"; sourceTree = "<group>"; };
		357A91A40E9A55EF0025D9AF /* NSDictionary+XMLSerializableSupport.m */ = {isa = PBXFileReference; fileEncoding = 4; lastKnownFileType = sourcecode.c.objc; name = "NSDictionary+XMLSerializableSupport.m"; path = "lib/NSDictionary+XMLSerializableSupport.m"; sourceTree = "<group>"; };
		357A91A50E9A55EF0025D9AF /* NSNull+XMLSerializableSupport.h */ = {isa = PBXFileReference; fileEncoding = 4; lastKnownFileType = sourcecode.c.h; name = "NSNull+XMLSerializableSupport.h"; path = "lib/NSNull+XMLSerializableSupport.h"; sourceTree = "<group>"; };
		357A91A60E9A55EF0025D9AF /* NSNull+XMLSerializableSupport.m */ = {isa = PBXFileReference; fileEncoding = 4; lastKnownFileType = sourcecode.c.objc; name = "NSNull+XMLSerializableSupport.m"; path = "lib/NSNull+XMLSerializableSupport.m"; sourceTree = "<group>"; };
		357A91A70E9A55EF0025D9AF /* NSObject+PropertySupport.h */ = {isa = PBXFileReference; fileEncoding = 4; lastKnownFileType = sourcecode.c.h; name = "NSObject+PropertySupport.h"; path = "lib/NSObject+PropertySupport.h"; sourceTree = "<group>"; };
		357A91A80E9A55EF0025D9AF /* NSObject+PropertySupport.m */ = {isa = PBXFileReference; fileEncoding = 4; lastKnownFileType = sourcecode.c.objc; name = "NSObject+PropertySupport.m"; path = "lib/NSObject+PropertySupport.m"; sourceTree = "<group>"; };
		357A91A90E9A55EF0025D9AF /* NSObject+XMLSerializableSupport.h */ = {isa = PBXFileReference; fileEncoding = 4; lastKnownFileType = sourcecode.c.h; name = "NSObject+XMLSerializableSupport.h"; path = "lib/NSObject+XMLSerializableSupport.h"; sourceTree = "<group>"; };
		357A91AA0E9A55EF0025D9AF /* NSObject+XMLSerializableSupport.m */ = {isa = PBXFileReference; fileEncoding = 4; lastKnownFileType = sourcecode.c.objc; name = "NSObject+XMLSerializableSupport.m"; path = "lib/NSObject+XMLSerializableSupport.m"; sourceTree = "<group>"; };
		357A91AB0E9A55EF0025D9AF /* NSString+GSub.h */ = {isa = PBXFileReference; fileEncoding = 4; lastKnownFileType = sourcecode.c.h; name = "NSString+GSub.h"; path = "lib/NSString+GSub.h"; sourceTree = "<group>"; };
		357A91AC0E9A55EF0025D9AF /* NSString+GSub.m */ = {isa = PBXFileReference; fileEncoding = 4; lastKnownFileType = sourcecode.c.objc; name = "NSString+GSub.m"; path = "lib/NSString+GSub.m"; sourceTree = "<group>"; };
		357A91AD0E9A55EF0025D9AF /* NSString+InflectionSupport.h */ = {isa = PBXFileReference; fileEncoding = 4; lastKnownFileType = sourcecode.c.h; name = "NSString+InflectionSupport.h"; path = "lib/NSString+InflectionSupport.h"; sourceTree = "<group>"; };
		357A91AE0E9A55EF0025D9AF /* NSString+InflectionSupport.m */ = {isa = PBXFileReference; fileEncoding = 4; lastKnownFileType = sourcecode.c.objc; name = "NSString+InflectionSupport.m"; path = "lib/NSString+InflectionSupport.m"; sourceTree = "<group>"; };
		357A91AF0E9A55EF0025D9AF /* Response.h */ = {isa = PBXFileReference; fileEncoding = 4; lastKnownFileType = sourcecode.c.h; name = Response.h; path = lib/Response.h; sourceTree = "<group>"; };
		357A91B00E9A55EF0025D9AF /* Response.m */ = {isa = PBXFileReference; fileEncoding = 4; lastKnownFileType = sourcecode.c.objc; name = Response.m; path = lib/Response.m; sourceTree = "<group>"; };
		357A91B10E9A55EF0025D9AF /* XMLSerializable.h */ = {isa = PBXFileReference; fileEncoding = 4; lastKnownFileType = sourcecode.c.h; name = XMLSerializable.h; path = lib/XMLSerializable.h; sourceTree = "<group>"; };
		357A91B20E9A55EF0025D9AF /* XMLSerializableSupport.h */ = {isa = PBXFileReference; fileEncoding = 4; lastKnownFileType = sourcecode.c.h; name = XMLSerializableSupport.h; path = lib/XMLSerializableSupport.h; sourceTree = "<group>"; };
		8D1107310486CEB800E47090 /* Info.plist */ = {isa = PBXFileReference; fileEncoding = 4; lastKnownFileType = text.plist.xml; path = Info.plist; sourceTree = "<group>"; };
/* End PBXFileReference section */

/* Begin PBXFrameworksBuildPhase section */
		1D60588F0D05DD3D006BFB54 /* Frameworks */ = {
			isa = PBXFrameworksBuildPhase;
			buildActionMask = 2147483647;
			files = (
				1D60589F0D05DD5A006BFB54 /* Foundation.framework in Frameworks */,
				1DF5F4E00D08C38300B7A737 /* UIKit.framework in Frameworks */,
				350421870E5E1BF200493366 /* CoreGraphics.framework in Frameworks */,
			);
			runOnlyForDeploymentPostprocessing = 0;
		};
		239D4FF20EA6907E00318802 /* Frameworks */ = {
			isa = PBXFrameworksBuildPhase;
			buildActionMask = 2147483647;
			files = (
				239D50CB0EA691DD00318802 /* Foundation.framework in Frameworks */,
				239D50830EA691DB00318802 /* UIKit.framework in Frameworks */,
				239D504D0EA691D800318802 /* CoreGraphics.framework in Frameworks */,
			);
			runOnlyForDeploymentPostprocessing = 0;
		};
/* End PBXFrameworksBuildPhase section */

/* Begin PBXGroup section */
		080E96DDFE201D6D7F000001 /* Classes */ = {
			isa = PBXGroup;
			children = (
				239D4FE30EA68FAC00318802 /* GoogleTestUnit */,
				357A915B0E9A436E0025D9AF /* ActiveResource */,
				357A91400E9A436E0025D9AF /* ActiveSupport */,
				350420F10E5E153C00493366 /* Example */,
				1D3623240D0F684500981E51 /* active_resourceAppDelegate.h */,
				1D3623250D0F684500981E51 /* active_resourceAppDelegate.m */,
			);
			path = Classes;
			sourceTree = "<group>";
		};
		19C28FACFE9D520D11CA2CBB /* Products */ = {
			isa = PBXGroup;
			children = (
				1D6058910D05DD3D006BFB54 /* active_resource.app */,
				239D4FF40EA6907E00318802 /* Unit Tests.app */,
			);
			name = Products;
			sourceTree = "<group>";
		};
		239D4FE30EA68FAC00318802 /* GoogleTestUnit */ = {
			isa = PBXGroup;
			children = (
				239D4FFD0EA690D700318802 /* GTMDefines.h */,
				239D4FFA0EA690BC00318802 /* GTMSenTestCase.h */,
				239D4FFB0EA690BC00318802 /* GTMSenTestCase.m */,
				239D4FE70EA6906100318802 /* GTMIPhoneUnitTestDelegate.h */,
				239D4FE80EA6906100318802 /* GTMIPhoneUnitTestDelegate.m */,
				239D4FE90EA6906100318802 /* GTMIPhoneUnitTestMain.m */,
			);
			name = GoogleTestUnit;
			sourceTree = "<group>";
		};
		239D50D60EA691EC00318802 /* UnitTests */ = {
			isa = PBXGroup;
			children = (
				239D50D80EA6921800318802 /* DogTest.h */,
				239D50D90EA6921800318802 /* DogTest.m */,
			);
			name = UnitTests;
			sourceTree = "<group>";
		};
		239D50E50EA694B400318802 /* RailsBootStrap */ = {
			isa = PBXGroup;
			children = (
				239D50E60EA694F300318802 /* rails_boot_strap.rb */,
			);
			name = RailsBootStrap;
			sourceTree = "<group>";
		};
		29B97314FDCFA39411CA2CEA /* CustomTemplate */ = {
			isa = PBXGroup;
			children = (
				239D50E50EA694B400318802 /* RailsBootStrap */,
				080E96DDFE201D6D7F000001 /* Classes */,
				29B97315FDCFA39411CA2CEA /* Other Sources */,
				29B97317FDCFA39411CA2CEA /* Resources */,
				29B97323FDCFA39411CA2CEA /* Frameworks */,
				19C28FACFE9D520D11CA2CBB /* Products */,
				239D4FF60EA6907E00318802 /* Unit Tests-Info.plist */,
			);
			name = CustomTemplate;
			sourceTree = "<group>";
		};
		29B97315FDCFA39411CA2CEA /* Other Sources */ = {
			isa = PBXGroup;
			children = (
				32CA4F630368D1EE00C91783 /* active_resource_Prefix.pch */,
				29B97316FDCFA39411CA2CEA /* main.m */,
			);
			name = "Other Sources";
			sourceTree = "<group>";
		};
		29B97317FDCFA39411CA2CEA /* Resources */ = {
			isa = PBXGroup;
			children = (
				23829F110EA39C430070F0BF /* ViewDogController.xib */,
				23829E0D0EA393DA0070F0BF /* EditDogViewController.xib */,
				28AD733E0D9D9553002E5188 /* MainWindow.xib */,
				8D1107310486CEB800E47090 /* Info.plist */,
				350421CA0E5E1E0900493366 /* AddDogView.xib */,
			);
			name = Resources;
			sourceTree = "<group>";
		};
		29B97323FDCFA39411CA2CEA /* Frameworks */ = {
			isa = PBXGroup;
			children = (
				350421860E5E1BF200493366 /* CoreGraphics.framework */,
				1DF5F4DF0D08C38300B7A737 /* UIKit.framework */,
				1D30AB110D05D00D00671497 /* Foundation.framework */,
			);
			name = Frameworks;
			sourceTree = "<group>";
		};
		350420F10E5E153C00493366 /* Example */ = {
			isa = PBXGroup;
			children = (
				239D50D60EA691EC00318802 /* UnitTests */,
				350420F20E5E15AA00493366 /* DogViewController.h */,
				350420F30E5E15AA00493366 /* DogViewController.m */,
				350421270E5E1A0F00493366 /* Dog.h */,
				350421280E5E1A0F00493366 /* Dog.m */,
				350421CD0E5E1EC500493366 /* AddDogViewController.h */,
				350421CE0E5E1EC500493366 /* AddDogViewController.m */,
				23829E0A0EA393700070F0BF /* EditDogViewController.h */,
				23829E0B0EA393700070F0BF /* EditDogViewController.m */,
				23829EFF0EA39B3B0070F0BF /* ViewDogController.h */,
				23829F000EA39B3B0070F0BF /* ViewDogController.m */,
			);
			name = Example;
			sourceTree = "<group>";
		};
		357A91400E9A436E0025D9AF /* ActiveSupport */ = {
			isa = PBXGroup;
			children = (
				357A914A0E9A436E0025D9AF /* Serialization */,
				357A91410E9A436E0025D9AF /* Core */,
			);
			name = ActiveSupport;
			sourceTree = "<group>";
		};
		357A91410E9A436E0025D9AF /* Core */ = {
			isa = PBXGroup;
			children = (
				3506000B0EA7FCCA0085CBDF /* NSData+Additions.h */,
				3506000C0EA7FCCA0085CBDF /* NSData+Additions.m */,
				357A91470E9A436E0025D9AF /* Inflections */,
				357A91990E9A55EF0025D9AF /* ActiveResourceSupport.h */,
				357A919C0E9A55EF0025D9AF /* CoreSupport.h */,
				357A91A70E9A55EF0025D9AF /* NSObject+PropertySupport.h */,
				357A91A80E9A55EF0025D9AF /* NSObject+PropertySupport.m */,
				357A91AB0E9A55EF0025D9AF /* NSString+GSub.h */,
				357A91AC0E9A55EF0025D9AF /* NSString+GSub.m */,
			);
			name = Core;
			sourceTree = "<group>";
		};
		357A91470E9A436E0025D9AF /* Inflections */ = {
			isa = PBXGroup;
			children = (
				357A91AD0E9A55EF0025D9AF /* NSString+InflectionSupport.h */,
				357A91AE0E9A55EF0025D9AF /* NSString+InflectionSupport.m */,
			);
			name = Inflections;
			sourceTree = "<group>";
		};
		357A914A0E9A436E0025D9AF /* Serialization */ = {
			isa = PBXGroup;
			children = (
				357A914B0E9A436E0025D9AF /* XML */,
			);
			name = Serialization;
			sourceTree = "<group>";
		};
		357A914B0E9A436E0025D9AF /* XML */ = {
			isa = PBXGroup;
			children = (
				239D75CB0EAF8D3700664953 /* ObjectiveResourceDateFormatter.h */,
				239D75CC0EAF8D3700664953 /* ObjectiveResourceDateFormatter.m */,
				357A91580E9A436E0025D9AF /* Delegates */,
				357A91B10E9A55EF0025D9AF /* XMLSerializable.h */,
				357A91B20E9A55EF0025D9AF /* XMLSerializableSupport.h */,
				357A919F0E9A55EF0025D9AF /* NSArray+XMLSerializableSupport.h */,
				357A91A00E9A55EF0025D9AF /* NSArray+XMLSerializableSupport.m */,
				357A91A10E9A55EF0025D9AF /* NSDate+XMLSerializableSupport.h */,
				357A91A20E9A55EF0025D9AF /* NSDate+XMLSerializableSupport.m */,
				357A91A30E9A55EF0025D9AF /* NSDictionary+XMLSerializableSupport.h */,
				357A91A40E9A55EF0025D9AF /* NSDictionary+XMLSerializableSupport.m */,
				357A91A50E9A55EF0025D9AF /* NSNull+XMLSerializableSupport.h */,
				357A91A60E9A55EF0025D9AF /* NSNull+XMLSerializableSupport.m */,
				357A91A90E9A55EF0025D9AF /* NSObject+XMLSerializableSupport.h */,
				357A91AA0E9A55EF0025D9AF /* NSObject+XMLSerializableSupport.m */,
			);
			name = XML;
			sourceTree = "<group>";
		};
		357A91580E9A436E0025D9AF /* Delegates */ = {
			isa = PBXGroup;
			children = (
				357A919D0E9A55EF0025D9AF /* FromXMLElementDelegate.h */,
				357A919E0E9A55EF0025D9AF /* FromXMLElementDelegate.m */,
			);
			name = Delegates;
			sourceTree = "<group>";
		};
		357A915B0E9A436E0025D9AF /* ActiveResource */ = {
			isa = PBXGroup;
			children = (
				357A91630E9A436E0025D9AF /* Connection */,
				357A91930E9A55EF0025D9AF /* ActiveResource+Base.h */,
				357A91940E9A55EF0025D9AF /* ActiveResource+Base.m */,
				357A91950E9A55EF0025D9AF /* ActiveResource+XMLSerializableSupport.h */,
				357A91960E9A55EF0025D9AF /* ActiveResource+XMLSerializableSupport.m */,
				357A91970E9A55EF0025D9AF /* ActiveResource.h */,
				357A91980E9A55EF0025D9AF /* ActiveResource.m */,
			);
			name = ActiveResource;
			sourceTree = "<group>";
		};
		357A91630E9A436E0025D9AF /* Connection */ = {
			isa = PBXGroup;
			children = (
				357A919A0E9A55EF0025D9AF /* Connection.h */,
				357A919B0E9A55EF0025D9AF /* Connection.m */,
				357A91AF0E9A55EF0025D9AF /* Response.h */,
				357A91B00E9A55EF0025D9AF /* Response.m */,
			);
			name = Connection;
			sourceTree = "<group>";
		};
/* End PBXGroup section */

/* Begin PBXNativeTarget section */
		1D6058900D05DD3D006BFB54 /* active_resource */ = {
			isa = PBXNativeTarget;
			buildConfigurationList = 1D6058960D05DD3E006BFB54 /* Build configuration list for PBXNativeTarget "active_resource" */;
			buildPhases = (
				1D60588D0D05DD3D006BFB54 /* Resources */,
				1D60588E0D05DD3D006BFB54 /* Sources */,
				1D60588F0D05DD3D006BFB54 /* Frameworks */,
			);
			buildRules = (
			);
			dependencies = (
			);
			name = active_resource;
			productName = active_resource;
			productReference = 1D6058910D05DD3D006BFB54 /* active_resource.app */;
			productType = "com.apple.product-type.application";
		};
		239D4FF30EA6907E00318802 /* Unit Tests */ = {
			isa = PBXNativeTarget;
			buildConfigurationList = 239D4FF90EA6907F00318802 /* Build configuration list for PBXNativeTarget "Unit Tests" */;
			buildPhases = (
				239D4FF00EA6907E00318802 /* Resources */,
				239D4FF10EA6907E00318802 /* Sources */,
				239D4FF20EA6907E00318802 /* Frameworks */,
				239D500A0EA6910400318802 /* ShellScript */,
			);
			buildRules = (
			);
			dependencies = (
			);
			name = "Unit Tests";
			productName = "Unit Tests";
			productReference = 239D4FF40EA6907E00318802 /* Unit Tests.app */;
			productType = "com.apple.product-type.application";
		};
/* End PBXNativeTarget section */

/* Begin PBXProject section */
		29B97313FDCFA39411CA2CEA /* Project object */ = {
			isa = PBXProject;
			buildConfigurationList = C01FCF4E08A954540054247B /* Build configuration list for PBXProject "active_resource" */;
			compatibilityVersion = "Xcode 3.1";
			hasScannedForEncodings = 1;
			mainGroup = 29B97314FDCFA39411CA2CEA /* CustomTemplate */;
			projectDirPath = "";
			projectRoot = "";
			targets = (
				1D6058900D05DD3D006BFB54 /* active_resource */,
				239D4FF30EA6907E00318802 /* Unit Tests */,
			);
		};
/* End PBXProject section */

/* Begin PBXResourcesBuildPhase section */
		1D60588D0D05DD3D006BFB54 /* Resources */ = {
			isa = PBXResourcesBuildPhase;
			buildActionMask = 2147483647;
			files = (
				28AD733F0D9D9553002E5188 /* MainWindow.xib in Resources */,
				350421CB0E5E1E0900493366 /* AddDogView.xib in Resources */,
				23829E0E0EA393DA0070F0BF /* EditDogViewController.xib in Resources */,
				23829F120EA39C430070F0BF /* ViewDogController.xib in Resources */,
			);
			runOnlyForDeploymentPostprocessing = 0;
		};
		239D4FF00EA6907E00318802 /* Resources */ = {
			isa = PBXResourcesBuildPhase;
			buildActionMask = 2147483647;
			files = (
				239D50E70EA694F300318802 /* rails_boot_strap.rb in Resources */,
			);
			runOnlyForDeploymentPostprocessing = 0;
		};
/* End PBXResourcesBuildPhase section */

/* Begin PBXShellScriptBuildPhase section */
		239D500A0EA6910400318802 /* ShellScript */ = {
			isa = PBXShellScriptBuildPhase;
			buildActionMask = 2147483647;
			files = (
			);
			inputPaths = (
			);
			outputPaths = (
			);
			runOnlyForDeploymentPostprocessing = 0;
			shellPath = /bin/sh;
			shellScript = "./rails_boot_strap.rb\n./google_toolbar/UnitTesting/RunIPhoneUnitTest.sh\n";
		};
/* End PBXShellScriptBuildPhase section */

/* Begin PBXSourcesBuildPhase section */
		1D60588E0D05DD3D006BFB54 /* Sources */ = {
			isa = PBXSourcesBuildPhase;
			buildActionMask = 2147483647;
			files = (
				1D60589B0D05DD56006BFB54 /* main.m in Sources */,
				1D3623260D0F684500981E51 /* active_resourceAppDelegate.m in Sources */,
				350420F40E5E15AA00493366 /* DogViewController.m in Sources */,
				350421290E5E1A0F00493366 /* Dog.m in Sources */,
				350421CF0E5E1EC500493366 /* AddDogViewController.m in Sources */,
				357A91B30E9A55EF0025D9AF /* ActiveResource+Base.m in Sources */,
				357A91B40E9A55EF0025D9AF /* ActiveResource+XMLSerializableSupport.m in Sources */,
				357A91B50E9A55EF0025D9AF /* ActiveResource.m in Sources */,
				357A91B60E9A55EF0025D9AF /* Connection.m in Sources */,
				357A91B70E9A55EF0025D9AF /* FromXMLElementDelegate.m in Sources */,
				357A91B80E9A55EF0025D9AF /* NSArray+XMLSerializableSupport.m in Sources */,
				357A91B90E9A55EF0025D9AF /* NSDate+XMLSerializableSupport.m in Sources */,
				357A91BA0E9A55EF0025D9AF /* NSDictionary+XMLSerializableSupport.m in Sources */,
				357A91BB0E9A55EF0025D9AF /* NSNull+XMLSerializableSupport.m in Sources */,
				357A91BC0E9A55EF0025D9AF /* NSObject+PropertySupport.m in Sources */,
				357A91BD0E9A55EF0025D9AF /* NSObject+XMLSerializableSupport.m in Sources */,
				357A91BE0E9A55EF0025D9AF /* NSString+GSub.m in Sources */,
				357A91BF0E9A55EF0025D9AF /* NSString+InflectionSupport.m in Sources */,
				357A91C00E9A55EF0025D9AF /* Response.m in Sources */,
				23829E0C0EA393700070F0BF /* EditDogViewController.m in Sources */,
				23829F010EA39B3B0070F0BF /* ViewDogController.m in Sources */,
				3506000D0EA7FCCA0085CBDF /* NSData+Additions.m in Sources */,
				239D75CD0EAF8D3700664953 /* ObjectiveResourceDateFormatter.m in Sources */,
			);
			runOnlyForDeploymentPostprocessing = 0;
		};
		239D4FF10EA6907E00318802 /* Sources */ = {
			isa = PBXSourcesBuildPhase;
			buildActionMask = 2147483647;
			files = (
				239D501A0EA691AC00318802 /* DogViewController.m in Sources */,
				239D501B0EA691AC00318802 /* Dog.m in Sources */,
				350600100EA7FCDF0085CBDF /* NSData+Additions.h in Sources */,
				350600110EA7FCDF0085CBDF /* NSData+Additions.m in Sources */,
				239D501C0EA691AC00318802 /* AddDogViewController.m in Sources */,
				239D501D0EA691AC00318802 /* ActiveResource+Base.m in Sources */,
				239D501E0EA691AC00318802 /* ActiveResource+XMLSerializableSupport.m in Sources */,
				239D501F0EA691AC00318802 /* ActiveResource.m in Sources */,
				239D50200EA691AC00318802 /* Connection.m in Sources */,
				239D50210EA691AC00318802 /* FromXMLElementDelegate.m in Sources */,
				239D50220EA691AC00318802 /* NSArray+XMLSerializableSupport.m in Sources */,
				239D50230EA691AC00318802 /* NSDate+XMLSerializableSupport.m in Sources */,
				239D50240EA691AC00318802 /* NSDictionary+XMLSerializableSupport.m in Sources */,
				239D50250EA691AC00318802 /* NSNull+XMLSerializableSupport.m in Sources */,
				239D50260EA691AC00318802 /* NSObject+PropertySupport.m in Sources */,
				239D50270EA691AC00318802 /* NSObject+XMLSerializableSupport.m in Sources */,
				239D50280EA691AC00318802 /* NSString+GSub.m in Sources */,
				239D50290EA691AC00318802 /* NSString+InflectionSupport.m in Sources */,
				239D502A0EA691AC00318802 /* Response.m in Sources */,
				239D502B0EA691AC00318802 /* EditDogViewController.m in Sources */,
				239D502C0EA691AC00318802 /* ViewDogController.m in Sources */,
				239D4FFE0EA690E600318802 /* GTMDefines.h in Sources */,
				239D4FFF0EA690E600318802 /* GTMSenTestCase.h in Sources */,
				239D4FFC0EA690BC00318802 /* GTMSenTestCase.m in Sources */,
				239D50000EA690E600318802 /* GTMIPhoneUnitTestDelegate.h in Sources */,
				239D50010EA690E600318802 /* GTMIPhoneUnitTestDelegate.m in Sources */,
				239D50020EA690E600318802 /* GTMIPhoneUnitTestMain.m in Sources */,
				239D50DA0EA6921800318802 /* DogTest.m in Sources */,
				239D75CE0EAF8D3700664953 /* ObjectiveResourceDateFormatter.m in Sources */,
			);
			runOnlyForDeploymentPostprocessing = 0;
		};
/* End PBXSourcesBuildPhase section */

/* Begin XCBuildConfiguration section */
		1D6058940D05DD3E006BFB54 /* Debug */ = {
			isa = XCBuildConfiguration;
			buildSettings = {
				ALWAYS_SEARCH_USER_PATHS = NO;
				COPY_PHASE_STRIP = NO;
				GCC_DYNAMIC_NO_PIC = NO;
				GCC_OPTIMIZATION_LEVEL = 0;
				GCC_PRECOMPILE_PREFIX_HEADER = YES;
				GCC_PREFIX_HEADER = active_resource_Prefix.pch;
				INFOPLIST_FILE = Info.plist;
				PRODUCT_NAME = active_resource;
			};
			name = Debug;
		};
		1D6058950D05DD3E006BFB54 /* Release */ = {
			isa = XCBuildConfiguration;
			buildSettings = {
				ALWAYS_SEARCH_USER_PATHS = NO;
				COPY_PHASE_STRIP = YES;
				GCC_PRECOMPILE_PREFIX_HEADER = YES;
				GCC_PREFIX_HEADER = active_resource_Prefix.pch;
				INFOPLIST_FILE = Info.plist;
				PRODUCT_NAME = active_resource;
			};
			name = Release;
		};
		239D4FF70EA6907F00318802 /* Debug */ = {
			isa = XCBuildConfiguration;
			buildSettings = {
				ALWAYS_SEARCH_USER_PATHS = NO;
				CODE_SIGN_IDENTITY = "iPhone Developer";
				COPY_PHASE_STRIP = NO;
				GCC_DYNAMIC_NO_PIC = NO;
				GCC_OPTIMIZATION_LEVEL = 0;
				GCC_PRECOMPILE_PREFIX_HEADER = YES;
				GCC_PREFIX_HEADER = "$(SYSTEM_LIBRARY_DIR)/Frameworks/UIKit.framework/Headers/UIKit.h";
				INFOPLIST_FILE = "Unit Tests-Info.plist";
				INSTALL_PATH = "$(HOME)/Applications";
				OTHER_LDFLAGS = (
					"-framework",
					Foundation,
					"-framework",
					UIKit,
				);
				PREBINDING = NO;
				PRODUCT_NAME = "Unit Tests";
				SDKROOT = iphoneos2.1;
			};
			name = Debug;
		};
		239D4FF80EA6907F00318802 /* Release */ = {
			isa = XCBuildConfiguration;
			buildSettings = {
				ALWAYS_SEARCH_USER_PATHS = NO;
				CODE_SIGN_IDENTITY = "iPhone Developer";
				COPY_PHASE_STRIP = YES;
				DEBUG_INFORMATION_FORMAT = "dwarf-with-dsym";
				GCC_ENABLE_FIX_AND_CONTINUE = NO;
				GCC_PRECOMPILE_PREFIX_HEADER = YES;
				GCC_PREFIX_HEADER = "$(SYSTEM_LIBRARY_DIR)/Frameworks/UIKit.framework/Headers/UIKit.h";
				INFOPLIST_FILE = "Unit Tests-Info.plist";
				INSTALL_PATH = "$(HOME)/Applications";
				OTHER_LDFLAGS = (
					"-framework",
					Foundation,
					"-framework",
					UIKit,
				);
				PREBINDING = NO;
				PRODUCT_NAME = "Unit Tests";
				SDKROOT = iphoneos2.1;
				ZERO_LINK = NO;
			};
			name = Release;
		};
		C01FCF4F08A954540054247B /* Debug */ = {
			isa = XCBuildConfiguration;
			buildSettings = {
				ARCHS = "$(ARCHS_STANDARD_32_BIT)";
				"CODE_SIGN_IDENTITY[sdk=iphoneos*]" = "iPhone Developer";
				GCC_C_LANGUAGE_STANDARD = c99;
				GCC_PRECOMPILE_PREFIX_HEADER = YES;
				GCC_PREFIX_HEADER = active_resource_Prefix.pch;
				GCC_PREPROCESSOR_DEFINITIONS = DEBUG;
				GCC_WARN_ABOUT_RETURN_TYPE = YES;
				GCC_WARN_UNUSED_VARIABLE = YES;
				ONLY_ACTIVE_ARCH = YES;
				PREBINDING = NO;
				SDKROOT = iphoneos2.0;
			};
			name = Debug;
		};
		C01FCF5008A954540054247B /* Release */ = {
			isa = XCBuildConfiguration;
			buildSettings = {
				ARCHS = "$(ARCHS_STANDARD_32_BIT)";
				"CODE_SIGN_IDENTITY[sdk=iphoneos*]" = "iPhone Developer";
				GCC_C_LANGUAGE_STANDARD = c99;
				GCC_PRECOMPILE_PREFIX_HEADER = YES;
				GCC_PREFIX_HEADER = active_resource_Prefix.pch;
				GCC_WARN_ABOUT_RETURN_TYPE = YES;
				GCC_WARN_UNUSED_VARIABLE = YES;
				PREBINDING = NO;
				SDKROOT = iphoneos2.0;
			};
			name = Release;
		};
/* End XCBuildConfiguration section */

/* Begin XCConfigurationList section */
		1D6058960D05DD3E006BFB54 /* Build configuration list for PBXNativeTarget "active_resource" */ = {
			isa = XCConfigurationList;
			buildConfigurations = (
				1D6058940D05DD3E006BFB54 /* Debug */,
				1D6058950D05DD3E006BFB54 /* Release */,
			);
			defaultConfigurationIsVisible = 0;
			defaultConfigurationName = Release;
		};
		239D4FF90EA6907F00318802 /* Build configuration list for PBXNativeTarget "Unit Tests" */ = {
			isa = XCConfigurationList;
			buildConfigurations = (
				239D4FF70EA6907F00318802 /* Debug */,
				239D4FF80EA6907F00318802 /* Release */,
			);
			defaultConfigurationIsVisible = 0;
			defaultConfigurationName = Release;
		};
		C01FCF4E08A954540054247B /* Build configuration list for PBXProject "active_resource" */ = {
			isa = XCConfigurationList;
			buildConfigurations = (
				C01FCF4F08A954540054247B /* Debug */,
				C01FCF5008A954540054247B /* Release */,
			);
			defaultConfigurationIsVisible = 0;
			defaultConfigurationName = Release;
		};
/* End XCConfigurationList section */
	};
	rootObject = 29B97313FDCFA39411CA2CEA /* Project object */;
}
